Microsoft Visual Studio Solution File, Format Version 12.00
# Visual Studio Version 17
VisualStudioVersion = 17.0.31624.102
MinimumVisualStudioVersion = 10.0.40219.1
Project("{2150E333-8FDC-42A3-9474-1A3956D46DE8}") = "Examples", "Examples", "{4F5048C7-CB90-437E-AB21-32258F9650B6}"
EndProject
Project("{2150E333-8FDC-42A3-9474-1A3956D46DE8}") = "Tools", "Tools", "{292A9E1E-C557-4570-ABE1-8EEC0E1B79C4}"
EndProject
Project("{8BC9CEB8-8B4A-11D0-8D11-00A0C91BC942}") = "Formatter01", "examples\Formatter01.vcxproj", "{B715A378-C8B9-4DC1-A57B-8BC4C47CED28}"
	ProjectSection(ProjectDependencies) = postProject
		{88A23124-5640-35A0-B890-311D7A67A7D2} = {88A23124-5640-35A0-B890-311D7A67A7D2}
		{E06E2E87-82B9-4DC2-A1E9-FE371CDBAAC2} = {E06E2E87-82B9-4DC2-A1E9-FE371CDBAAC2}
	EndProjectSection
EndProject
Project("{8BC9CEB8-8B4A-11D0-8D11-00A0C91BC942}") = "Formatter02", "examples\Formatter02.vcxproj", "{FD558EDB-A3E1-4FB5-A40A-4BE19346B24F}"
	ProjectSection(ProjectDependencies) = postProject
		{88A23124-5640-35A0-B890-311D7A67A7D2} = {88A23124-5640-35A0-B890-311D7A67A7D2}
		{E06E2E87-82B9-4DC2-A1E9-FE371CDBAAC2} = {E06E2E87-82B9-4DC2-A1E9-FE371CDBAAC2}
	EndProjectSection
EndProject
Project("{8BC9CEB8-8B4A-11D0-8D11-00A0C91BC942}") = "Formatter03", "examples\Formatter03.vcxproj", "{A67C94F3-60F8-4AAF-9309-F86F73F8529C}"
	ProjectSection(ProjectDependencies) = postProject
		{88A23124-5640-35A0-B890-311D7A67A7D2} = {88A23124-5640-35A0-B890-311D7A67A7D2}
		{E06E2E87-82B9-4DC2-A1E9-FE371CDBAAC2} = {E06E2E87-82B9-4DC2-A1E9-FE371CDBAAC2}
	EndProjectSection
EndProject
Project("{8BC9CEB8-8B4A-11D0-8D11-00A0C91BC942}") = "ZydisPerfTest", "examples\ZydisPerfTest.vcxproj", "{91EF3E98-CD57-3870-A399-A0D98D193F80}"
	ProjectSection(ProjectDependencies) = postProject
		{88A23124-5640-35A0-B890-311D7A67A7D2} = {88A23124-5640-35A0-B890-311D7A67A7D2}
		{E06E2E87-82B9-4DC2-A1E9-FE371CDBAAC2} = {E06E2E87-82B9-4DC2-A1E9-FE371CDBAAC2}
	EndProjectSection
EndProject
Project("{8BC9CEB8-8B4A-11D0-8D11-00A0C91BC942}") = "EncodeFromScratch", "examples\EncodeFromScratch.vcxproj", "{85E2D76C-1C4A-48F7-85BE-E88BB81121A0}"
	ProjectSection(ProjectDependencies) = postProject
		{88A23124-5640-35A0-B890-311D7A67A7D2} = {88A23124-5640-35A0-B890-311D7A67A7D2}
		{E06E2E87-82B9-4DC2-A1E9-FE371CDBAAC2} = {E06E2E87-82B9-4DC2-A1E9-FE371CDBAAC2}
	EndProjectSection
EndProject
Project("{8BC9CEB8-8B4A-11D0-8D11-00A0C91BC942}") = "RewriteCode", "examples\RewriteCode.vcxproj", "{9677D980-9814-4CD0-87FB-9E349ABE7D71}"
	ProjectSection(ProjectDependencies) = postProject
		{88A23124-5640-35A0-B890-311D7A67A7D2} = {88A23124-5640-35A0-B890-311D7A67A7D2}
		{E06E2E87-82B9-4DC2-A1E9-FE371CDBAAC2} = {E06E2E87-82B9-4DC2-A1E9-FE371CDBAAC2}
	EndProjectSection
EndProject
Project("{8BC9CEB8-8B4A-11D0-8D11-00A0C91BC942}") = "ZydisDisasm", "tools\ZydisDisasm.vcxproj", "{805CBF3F-3DDC-3141-AD7C-3B452FBEBCD2}"
	ProjectSection(ProjectDependencies) = postProject
		{88A23124-5640-35A0-B890-311D7A67A7D2} = {88A23124-5640-35A0-B890-311D7A67A7D2}
		{E06E2E87-82B9-4DC2-A1E9-FE371CDBAAC2} = {E06E2E87-82B9-4DC2-A1E9-FE371CDBAAC2}
	EndProjectSection
EndProject
Project("{8BC9CEB8-8B4A-11D0-8D11-00A0C91BC942}") = "ZydisFuzzDecoder", "tools\ZydisFuzzDecoder.vcxproj", "{A0C9A331-13CC-3762-9D26-9F82C6518CAA}"
	ProjectSection(ProjectDependencies) = postProject
		{88A23124-5640-35A0-B890-311D7A67A7D2} = {88A23124-5640-35A0-B890-311D7A67A7D2}
		{E06E2E87-82B9-4DC2-A1E9-FE371CDBAAC2} = {E06E2E87-82B9-4DC2-A1E9-FE371CDBAAC2}
	EndProjectSection
EndProject
Project("{8BC9CEB8-8B4A-11D0-8D11-00A0C91BC942}") = "ZydisFuzzEncoder", "tools\ZydisFuzzEncoder.vcxproj", "{3B52F35B-17B4-4BCD-B0FC-D32955E7C501}"
	ProjectSection(ProjectDependencies) = postProject
		{88A23124-5640-35A0-B890-311D7A67A7D2} = {88A23124-5640-35A0-B890-311D7A67A7D2}
		{E06E2E87-82B9-4DC2-A1E9-FE371CDBAAC2} = {E06E2E87-82B9-4DC2-A1E9-FE371CDBAAC2}
	EndProjectSection
EndProject
Project("{8BC9CEB8-8B4A-11D0-8D11-00A0C91BC942}") = "ZydisFuzzReEncoding", "tools\ZydisFuzzReEncoding.vcxproj", "{D07FC651-62C3-47D8-B181-391804410D6E}"
	ProjectSection(ProjectDependencies) = postProject
		{88A23124-5640-35A0-B890-311D7A67A7D2} = {88A23124-5640-35A0-B890-311D7A67A7D2}
		{E06E2E87-82B9-4DC2-A1E9-FE371CDBAAC2} = {E06E2E87-82B9-4DC2-A1E9-FE371CDBAAC2}
	EndProjectSection
EndProject
Project("{8BC9CEB8-8B4A-11D0-8D11-00A0C91BC942}") = "ZydisTestEncoderAbsolute", "tools\ZydisTestEncoderAbsolute.vcxproj", "{F0B3C165-EAEF-4521-89A0-4490A76BF853}"
	ProjectSection(ProjectDependencies) = postProject
		{88A23124-5640-35A0-B890-311D7A67A7D2} = {88A23124-5640-35A0-B890-311D7A67A7D2}
		{E06E2E87-82B9-4DC2-A1E9-FE371CDBAAC2} = {E06E2E87-82B9-4DC2-A1E9-FE371CDBAAC2}
	EndProjectSection
EndProject
Project("{8BC9CEB8-8B4A-11D0-8D11-00A0C91BC942}") = "ZydisInfo", "tools\ZydisInfo.vcxproj", "{BC04B6A7-D80C-3FED-97AC-BCC8370D6A7E}"
	ProjectSection(ProjectDependencies) = postProject
		{88A23124-5640-35A0-B890-311D7A67A7D2} = {88A23124-5640-35A0-B890-311D7A67A7D2}
		{E06E2E87-82B9-4DC2-A1E9-FE371CDBAAC2} = {E06E2E87-82B9-4DC2-A1E9-FE371CDBAAC2}
	EndProjectSection
EndProject
Project("{8BC9CEB8-8B4A-11D0-8D11-00A0C91BC942}") = "Zydis", "zydis\Zydis.vcxproj", "{88A23124-5640-35A0-B890-311D7A67A7D2}"
EndProject
Project("{8BC9CEB8-8B4A-11D0-8D11-00A0C91BC942}") = "ZydisWinKernel", "examples\ZydisWinKernel.vcxproj", "{45BD58A5-1711-417F-99E7-B640C56F8009}"
	ProjectSection(ProjectDependencies) = postProject
		{88A23124-5640-35A0-B890-311D7A67A7D2} = {88A23124-5640-35A0-B890-311D7A67A7D2}
	EndProjectSection
EndProject
Project("{8BC9CEB8-8B4A-11D0-8D11-00A0C91BC942}") = "Zycore", "dependencies\zycore\Zycore.vcxproj", "{E06E2E87-82B9-4DC2-A1E9-FE371CDBAAC2}"
EndProject
Project("{8BC9CEB8-8B4A-11D0-8D11-00A0C91BC942}") = "Disassemble", "examples\Disassemble.vcxproj", "{0FE9CA7E-80FD-4FB6-ABB4-6A2E3704DE51}"
	ProjectSection(ProjectDependencies) = postProject
		{88A23124-5640-35A0-B890-311D7A67A7D2} = {88A23124-5640-35A0-B890-311D7A67A7D2}
		{E06E2E87-82B9-4DC2-A1E9-FE371CDBAAC2} = {E06E2E87-82B9-4DC2-A1E9-FE371CDBAAC2}
	EndProjectSection
EndProject
Project("{8BC9CEB8-8B4A-11D0-8D11-00A0C91BC942}") = "DisassembleSimple", "examples\DisassembleSimple.vcxproj", "{32A3270D-DD26-46E4-B654-143C595FF2C4}"
	ProjectSection(ProjectDependencies) = postProject
		{88A23124-5640-35A0-B890-311D7A67A7D2} = {88A23124-5640-35A0-B890-311D7A67A7D2}
		{E06E2E87-82B9-4DC2-A1E9-FE371CDBAAC2} = {E06E2E87-82B9-4DC2-A1E9-FE371CDBAAC2}
	EndProjectSection
EndProject
Project("{8BC9CEB8-8B4A-11D0-8D11-00A0C91BC942}") = "EncodeMov", "examples\EncodeMov.vcxproj", "{6D9B7DDD-3661-4262-8497-718F02B74362}"
	ProjectSection(ProjectDependencies) = postProject
		{88A23124-5640-35A0-B890-311D7A67A7D2} = {88A23124-5640-35A0-B890-311D7A67A7D2}
		{E06E2E87-82B9-4DC2-A1E9-FE371CDBAAC2} = {E06E2E87-82B9-4DC2-A1E9-FE371CDBAAC2}
	EndProjectSection
EndProject
Global
	GlobalSection(SolutionConfigurationPlatforms) = preSolution
		Debug Kernel|X64 = Debug Kernel|X64
		Debug Kernel|X86 = Debug Kernel|X86
		Debug MD DLL|X64 = Debug MD DLL|X64
		Debug MD DLL|X86 = Debug MD DLL|X86
		Debug MD|X64 = Debug MD|X64
		Debug MD|X86 = Debug MD|X86
		Debug MT DLL|X64 = Debug MT DLL|X64
		Debug MT DLL|X86 = Debug MT DLL|X86
		Debug MT|X64 = Debug MT|X64
		Debug MT|X86 = Debug MT|X86
		Release Kernel|X64 = Release Kernel|X64
		Release Kernel|X86 = Release Kernel|X86
		Release MD DLL|X64 = Release MD DLL|X64
		Release MD DLL|X86 = Release MD DLL|X86
		Release MD|X64 = Release MD|X64
		Release MD|X86 = Release MD|X86
		Release MT DLL|X64 = Release MT DLL|X64
		Release MT DLL|X86 = Release MT DLL|X86
		Release MT|X64 = Release MT|X64
		Release MT|X86 = Release MT|X86
	EndGlobalSection
	GlobalSection(ProjectConfigurationPlatforms) = postSolution
		{B715A378-C8B9-4DC1-A57B-8BC4C47CED28}.Debug Kernel|X64.ActiveCfg = Debug MT|x64
		{B715A378-C8B9-4DC1-A57B-8BC4C47CED28}.Debug Kernel|X86.ActiveCfg = Debug MT|Win32
		{B715A378-C8B9-4DC1-A57B-8BC4C47CED28}.Debug MD DLL|X64.ActiveCfg = Debug MD DLL|x64
		{B715A378-C8B9-4DC1-A57B-8BC4C47CED28}.Debug MD DLL|X64.Build.0 = Debug MD DLL|x64
		{B715A378-C8B9-4DC1-A57B-8BC4C47CED28}.Debug MD DLL|X86.ActiveCfg = Debug MD DLL|Win32
		{B715A378-C8B9-4DC1-A57B-8BC4C47CED28}.Debug MD DLL|X86.Build.0 = Debug MD DLL|Win32
		{B715A378-C8B9-4DC1-A57B-8BC4C47CED28}.Debug MD|X64.ActiveCfg = Debug MD|x64
		{B715A378-C8B9-4DC1-A57B-8BC4C47CED28}.Debug MD|X64.Build.0 = Debug MD|x64
		{B715A378-C8B9-4DC1-A57B-8BC4C47CED28}.Debug MD|X86.ActiveCfg = Debug MD|Win32
		{B715A378-C8B9-4DC1-A57B-8BC4C47CED28}.Debug MD|X86.Build.0 = Debug MD|Win32
		{B715A378-C8B9-4DC1-A57B-8BC4C47CED28}.Debug MT DLL|X64.ActiveCfg = Debug MT DLL|x64
		{B715A378-C8B9-4DC1-A57B-8BC4C47CED28}.Debug MT DLL|X64.Build.0 = Debug MT DLL|x64
		{B715A378-C8B9-4DC1-A57B-8BC4C47CED28}.Debug MT DLL|X86.ActiveCfg = Debug MT DLL|Win32
		{B715A378-C8B9-4DC1-A57B-8BC4C47CED28}.Debug MT DLL|X86.Build.0 = Debug MT DLL|Win32
		{B715A378-C8B9-4DC1-A57B-8BC4C47CED28}.Debug MT|X64.ActiveCfg = Debug MT|x64
		{B715A378-C8B9-4DC1-A57B-8BC4C47CED28}.Debug MT|X64.Build.0 = Debug MT|x64
		{B715A378-C8B9-4DC1-A57B-8BC4C47CED28}.Debug MT|X86.ActiveCfg = Debug MT|Win32
		{B715A378-C8B9-4DC1-A57B-8BC4C47CED28}.Debug MT|X86.Build.0 = Debug MT|Win32
		{B715A378-C8B9-4DC1-A57B-8BC4C47CED28}.Release Kernel|X64.ActiveCfg = Release MT|x64
		{B715A378-C8B9-4DC1-A57B-8BC4C47CED28}.Release Kernel|X86.ActiveCfg = Release MT|Win32
		{B715A378-C8B9-4DC1-A57B-8BC4C47CED28}.Release MD DLL|X64.ActiveCfg = Release MD DLL|x64
		{B715A378-C8B9-4DC1-A57B-8BC4C47CED28}.Release MD DLL|X64.Build.0 = Release MD DLL|x64
		{B715A378-C8B9-4DC1-A57B-8BC4C47CED28}.Release MD DLL|X86.ActiveCfg = Release MD DLL|Win32
		{B715A378-C8B9-4DC1-A57B-8BC4C47CED28}.Release MD DLL|X86.Build.0 = Release MD DLL|Win32
		{B715A378-C8B9-4DC1-A57B-8BC4C47CED28}.Release MD|X64.ActiveCfg = Release MD|x64
		{B715A378-C8B9-4DC1-A57B-8BC4C47CED28}.Release MD|X64.Build.0 = Release MD|x64
		{B715A378-C8B9-4DC1-A57B-8BC4C47CED28}.Release MD|X86.ActiveCfg = Release MD|Win32
		{B715A378-C8B9-4DC1-A57B-8BC4C47CED28}.Release MD|X86.Build.0 = Release MD|Win32
		{B715A378-C8B9-4DC1-A57B-8BC4C47CED28}.Release MT DLL|X64.ActiveCfg = Release MT DLL|x64
		{B715A378-C8B9-4DC1-A57B-8BC4C47CED28}.Release MT DLL|X64.Build.0 = Release MT DLL|x64
		{B715A378-C8B9-4DC1-A57B-8BC4C47CED28}.Release MT DLL|X86.ActiveCfg = Release MT DLL|Win32
		{B715A378-C8B9-4DC1-A57B-8BC4C47CED28}.Release MT DLL|X86.Build.0 = Release MT DLL|Win32
		{B715A378-C8B9-4DC1-A57B-8BC4C47CED28}.Release MT|X64.ActiveCfg = Release MT|x64
		{B715A378-C8B9-4DC1-A57B-8BC4C47CED28}.Release MT|X64.Build.0 = Release MT|x64
		{B715A378-C8B9-4DC1-A57B-8BC4C47CED28}.Release MT|X86.ActiveCfg = Release MT|Win32
		{B715A378-C8B9-4DC1-A57B-8BC4C47CED28}.Release MT|X86.Build.0 = Release MT|Win32
		{FD558EDB-A3E1-4FB5-A40A-4BE19346B24F}.Debug Kernel|X64.ActiveCfg = Debug MT|x64
		{FD558EDB-A3E1-4FB5-A40A-4BE19346B24F}.Debug Kernel|X86.ActiveCfg = Debug MT|Win32
		{FD558EDB-A3E1-4FB5-A40A-4BE19346B24F}.Debug MD DLL|X64.ActiveCfg = Debug MD DLL|x64
		{FD558EDB-A3E1-4FB5-A40A-4BE19346B24F}.Debug MD DLL|X64.Build.0 = Debug MD DLL|x64
		{FD558EDB-A3E1-4FB5-A40A-4BE19346B24F}.Debug MD DLL|X86.ActiveCfg = Debug MD DLL|Win32
		{FD558EDB-A3E1-4FB5-A40A-4BE19346B24F}.Debug MD DLL|X86.Build.0 = Debug MD DLL|Win32
		{FD558EDB-A3E1-4FB5-A40A-4BE19346B24F}.Debug MD|X64.ActiveCfg = Debug MD|x64
		{FD558EDB-A3E1-4FB5-A40A-4BE19346B24F}.Debug MD|X64.Build.0 = Debug MD|x64
		{FD558EDB-A3E1-4FB5-A40A-4BE19346B24F}.Debug MD|X86.ActiveCfg = Debug MD|Win32
		{FD558EDB-A3E1-4FB5-A40A-4BE19346B24F}.Debug MD|X86.Build.0 = Debug MD|Win32
		{FD558EDB-A3E1-4FB5-A40A-4BE19346B24F}.Debug MT DLL|X64.ActiveCfg = Debug MT DLL|x64
		{FD558EDB-A3E1-4FB5-A40A-4BE19346B24F}.Debug MT DLL|X64.Build.0 = Debug MT DLL|x64
		{FD558EDB-A3E1-4FB5-A40A-4BE19346B24F}.Debug MT DLL|X86.ActiveCfg = Debug MT DLL|Win32
		{FD558EDB-A3E1-4FB5-A40A-4BE19346B24F}.Debug MT DLL|X86.Build.0 = Debug MT DLL|Win32
		{FD558EDB-A3E1-4FB5-A40A-4BE19346B24F}.Debug MT|X64.ActiveCfg = Debug MT|x64
		{FD558EDB-A3E1-4FB5-A40A-4BE19346B24F}.Debug MT|X64.Build.0 = Debug MT|x64
		{FD558EDB-A3E1-4FB5-A40A-4BE19346B24F}.Debug MT|X86.ActiveCfg = Debug MT|Win32
		{FD558EDB-A3E1-4FB5-A40A-4BE19346B24F}.Debug MT|X86.Build.0 = Debug MT|Win32
		{FD558EDB-A3E1-4FB5-A40A-4BE19346B24F}.Release Kernel|X64.ActiveCfg = Release MT|x64
		{FD558EDB-A3E1-4FB5-A40A-4BE19346B24F}.Release Kernel|X86.ActiveCfg = Release MT|Win32
		{FD558EDB-A3E1-4FB5-A40A-4BE19346B24F}.Release MD DLL|X64.ActiveCfg = Release MD DLL|x64
		{FD558EDB-A3E1-4FB5-A40A-4BE19346B24F}.Release MD DLL|X64.Build.0 = Release MD DLL|x64
		{FD558EDB-A3E1-4FB5-A40A-4BE19346B24F}.Release MD DLL|X86.ActiveCfg = Release MD DLL|Win32
		{FD558EDB-A3E1-4FB5-A40A-4BE19346B24F}.Release MD DLL|X86.Build.0 = Release MD DLL|Win32
		{FD558EDB-A3E1-4FB5-A40A-4BE19346B24F}.Release MD|X64.ActiveCfg = Release MD|x64
		{FD558EDB-A3E1-4FB5-A40A-4BE19346B24F}.Release MD|X64.Build.0 = Release MD|x64
		{FD558EDB-A3E1-4FB5-A40A-4BE19346B24F}.Release MD|X86.ActiveCfg = Release MD|Win32
		{FD558EDB-A3E1-4FB5-A40A-4BE19346B24F}.Release MD|X86.Build.0 = Release MD|Win32
		{FD558EDB-A3E1-4FB5-A40A-4BE19346B24F}.Release MT DLL|X64.ActiveCfg = Release MT DLL|x64
		{FD558EDB-A3E1-4FB5-A40A-4BE19346B24F}.Release MT DLL|X64.Build.0 = Release MT DLL|x64
		{FD558EDB-A3E1-4FB5-A40A-4BE19346B24F}.Release MT DLL|X86.ActiveCfg = Release MT DLL|Win32
		{FD558EDB-A3E1-4FB5-A40A-4BE19346B24F}.Release MT DLL|X86.Build.0 = Release MT DLL|Win32
		{FD558EDB-A3E1-4FB5-A40A-4BE19346B24F}.Release MT|X64.ActiveCfg = Release MT|x64
		{FD558EDB-A3E1-4FB5-A40A-4BE19346B24F}.Release MT|X64.Build.0 = Release MT|x64
		{FD558EDB-A3E1-4FB5-A40A-4BE19346B24F}.Release MT|X86.ActiveCfg = Release MT|Win32
		{FD558EDB-A3E1-4FB5-A40A-4BE19346B24F}.Release MT|X86.Build.0 = Release MT|Win32
		{A67C94F3-60F8-4AAF-9309-F86F73F8529C}.Debug Kernel|X64.ActiveCfg = Debug MT|x64
		{A67C94F3-60F8-4AAF-9309-F86F73F8529C}.Debug Kernel|X86.ActiveCfg = Debug MT|Win32
		{A67C94F3-60F8-4AAF-9309-F86F73F8529C}.Debug MD DLL|X64.ActiveCfg = Debug MD DLL|x64
		{A67C94F3-60F8-4AAF-9309-F86F73F8529C}.Debug MD DLL|X64.Build.0 = Debug MD DLL|x64
		{A67C94F3-60F8-4AAF-9309-F86F73F8529C}.Debug MD DLL|X86.ActiveCfg = Debug MD DLL|Win32
		{A67C94F3-60F8-4AAF-9309-F86F73F8529C}.Debug MD DLL|X86.Build.0 = Debug MD DLL|Win32
		{A67C94F3-60F8-4AAF-9309-F86F73F8529C}.Debug MD|X64.ActiveCfg = Debug MD|x64
		{A67C94F3-60F8-4AAF-9309-F86F73F8529C}.Debug MD|X64.Build.0 = Debug MD|x64
		{A67C94F3-60F8-4AAF-9309-F86F73F8529C}.Debug MD|X86.ActiveCfg = Debug MD|Win32
		{A67C94F3-60F8-4AAF-9309-F86F73F8529C}.Debug MD|X86.Build.0 = Debug MD|Win32
		{A67C94F3-60F8-4AAF-9309-F86F73F8529C}.Debug MT DLL|X64.ActiveCfg = Debug MT DLL|x64
		{A67C94F3-60F8-4AAF-9309-F86F73F8529C}.Debug MT DLL|X64.Build.0 = Debug MT DLL|x64
		{A67C94F3-60F8-4AAF-9309-F86F73F8529C}.Debug MT DLL|X86.ActiveCfg = Debug MT DLL|Win32
		{A67C94F3-60F8-4AAF-9309-F86F73F8529C}.Debug MT DLL|X86.Build.0 = Debug MT DLL|Win32
		{A67C94F3-60F8-4AAF-9309-F86F73F8529C}.Debug MT|X64.ActiveCfg = Debug MT|x64
		{A67C94F3-60F8-4AAF-9309-F86F73F8529C}.Debug MT|X64.Build.0 = Debug MT|x64
		{A67C94F3-60F8-4AAF-9309-F86F73F8529C}.Debug MT|X86.ActiveCfg = Debug MT|Win32
		{A67C94F3-60F8-4AAF-9309-F86F73F8529C}.Debug MT|X86.Build.0 = Debug MT|Win32
		{A67C94F3-60F8-4AAF-9309-F86F73F8529C}.Release Kernel|X64.ActiveCfg = Release MT|x64
		{A67C94F3-60F8-4AAF-9309-F86F73F8529C}.Release Kernel|X86.ActiveCfg = Release MT|Win32
		{A67C94F3-60F8-4AAF-9309-F86F73F8529C}.Release MD DLL|X64.ActiveCfg = Release MD DLL|x64
		{A67C94F3-60F8-4AAF-9309-F86F73F8529C}.Release MD DLL|X64.Build.0 = Release MD DLL|x64
		{A67C94F3-60F8-4AAF-9309-F86F73F8529C}.Release MD DLL|X86.ActiveCfg = Release MD DLL|Win32
		{A67C94F3-60F8-4AAF-9309-F86F73F8529C}.Release MD DLL|X86.Build.0 = Release MD DLL|Win32
		{A67C94F3-60F8-4AAF-9309-F86F73F8529C}.Release MD|X64.ActiveCfg = Release MD|x64
		{A67C94F3-60F8-4AAF-9309-F86F73F8529C}.Release MD|X64.Build.0 = Release MD|x64
		{A67C94F3-60F8-4AAF-9309-F86F73F8529C}.Release MD|X86.ActiveCfg = Release MD|Win32
		{A67C94F3-60F8-4AAF-9309-F86F73F8529C}.Release MD|X86.Build.0 = Release MD|Win32
		{A67C94F3-60F8-4AAF-9309-F86F73F8529C}.Release MT DLL|X64.ActiveCfg = Release MT DLL|x64
		{A67C94F3-60F8-4AAF-9309-F86F73F8529C}.Release MT DLL|X64.Build.0 = Release MT DLL|x64
		{A67C94F3-60F8-4AAF-9309-F86F73F8529C}.Release MT DLL|X86.ActiveCfg = Release MT DLL|Win32
		{A67C94F3-60F8-4AAF-9309-F86F73F8529C}.Release MT DLL|X86.Build.0 = Release MT DLL|Win32
		{A67C94F3-60F8-4AAF-9309-F86F73F8529C}.Release MT|X64.ActiveCfg = Release MT|x64
		{A67C94F3-60F8-4AAF-9309-F86F73F8529C}.Release MT|X64.Build.0 = Release MT|x64
		{A67C94F3-60F8-4AAF-9309-F86F73F8529C}.Release MT|X86.ActiveCfg = Release MT|Win32
		{A67C94F3-60F8-4AAF-9309-F86F73F8529C}.Release MT|X86.Build.0 = Release MT|Win32
		{91EF3E98-CD57-3870-A399-A0D98D193F80}.Debug Kernel|X64.ActiveCfg = Debug MT|x64
		{91EF3E98-CD57-3870-A399-A0D98D193F80}.Debug Kernel|X86.ActiveCfg = Debug MT|Win32
		{91EF3E98-CD57-3870-A399-A0D98D193F80}.Debug MD DLL|X64.ActiveCfg = Debug MD DLL|x64
		{91EF3E98-CD57-3870-A399-A0D98D193F80}.Debug MD DLL|X64.Build.0 = Debug MD DLL|x64
		{91EF3E98-CD57-3870-A399-A0D98D193F80}.Debug MD DLL|X86.ActiveCfg = Debug MD DLL|Win32
		{91EF3E98-CD57-3870-A399-A0D98D193F80}.Debug MD DLL|X86.Build.0 = Debug MD DLL|Win32
		{91EF3E98-CD57-3870-A399-A0D98D193F80}.Debug MD|X64.ActiveCfg = Debug MD|x64
		{91EF3E98-CD57-3870-A399-A0D98D193F80}.Debug MD|X64.Build.0 = Debug MD|x64
		{91EF3E98-CD57-3870-A399-A0D98D193F80}.Debug MD|X86.ActiveCfg = Debug MD|Win32
		{91EF3E98-CD57-3870-A399-A0D98D193F80}.Debug MD|X86.Build.0 = Debug MD|Win32
		{91EF3E98-CD57-3870-A399-A0D98D193F80}.Debug MT DLL|X64.ActiveCfg = Debug MT DLL|x64
		{91EF3E98-CD57-3870-A399-A0D98D193F80}.Debug MT DLL|X64.Build.0 = Debug MT DLL|x64
		{91EF3E98-CD57-3870-A399-A0D98D193F80}.Debug MT DLL|X86.ActiveCfg = Debug MT DLL|Win32
		{91EF3E98-CD57-3870-A399-A0D98D193F80}.Debug MT DLL|X86.Build.0 = Debug MT DLL|Win32
		{91EF3E98-CD57-3870-A399-A0D98D193F80}.Debug MT|X64.ActiveCfg = Debug MT|x64
		{91EF3E98-CD57-3870-A399-A0D98D193F80}.Debug MT|X64.Build.0 = Debug MT|x64
		{91EF3E98-CD57-3870-A399-A0D98D193F80}.Debug MT|X86.ActiveCfg = Debug MT|Win32
		{91EF3E98-CD57-3870-A399-A0D98D193F80}.Debug MT|X86.Build.0 = Debug MT|Win32
		{91EF3E98-CD57-3870-A399-A0D98D193F80}.Release Kernel|X64.ActiveCfg = Release MT|x64
		{91EF3E98-CD57-3870-A399-A0D98D193F80}.Release Kernel|X86.ActiveCfg = Release MT|Win32
		{91EF3E98-CD57-3870-A399-A0D98D193F80}.Release MD DLL|X64.ActiveCfg = Release MD DLL|x64
		{91EF3E98-CD57-3870-A399-A0D98D193F80}.Release MD DLL|X64.Build.0 = Release MD DLL|x64
		{91EF3E98-CD57-3870-A399-A0D98D193F80}.Release MD DLL|X86.ActiveCfg = Release MD DLL|Win32
		{91EF3E98-CD57-3870-A399-A0D98D193F80}.Release MD DLL|X86.Build.0 = Release MD DLL|Win32
		{91EF3E98-CD57-3870-A399-A0D98D193F80}.Release MD|X64.ActiveCfg = Release MD|x64
		{91EF3E98-CD57-3870-A399-A0D98D193F80}.Release MD|X64.Build.0 = Release MD|x64
		{91EF3E98-CD57-3870-A399-A0D98D193F80}.Release MD|X86.ActiveCfg = Release MD|Win32
		{91EF3E98-CD57-3870-A399-A0D98D193F80}.Release MD|X86.Build.0 = Release MD|Win32
		{91EF3E98-CD57-3870-A399-A0D98D193F80}.Release MT DLL|X64.ActiveCfg = Release MT DLL|x64
		{91EF3E98-CD57-3870-A399-A0D98D193F80}.Release MT DLL|X64.Build.0 = Release MT DLL|x64
		{91EF3E98-CD57-3870-A399-A0D98D193F80}.Release MT DLL|X86.ActiveCfg = Release MT DLL|Win32
		{91EF3E98-CD57-3870-A399-A0D98D193F80}.Release MT DLL|X86.Build.0 = Release MT DLL|Win32
		{91EF3E98-CD57-3870-A399-A0D98D193F80}.Release MT|X64.ActiveCfg = Release MT|x64
		{91EF3E98-CD57-3870-A399-A0D98D193F80}.Release MT|X64.Build.0 = Release MT|x64
		{91EF3E98-CD57-3870-A399-A0D98D193F80}.Release MT|X86.ActiveCfg = Release MT|Win32
		{91EF3E98-CD57-3870-A399-A0D98D193F80}.Release MT|X86.Build.0 = Release MT|Win32
		{85E2D76C-1C4A-48F7-85BE-E88BB81121A0}.Debug Kernel|X64.ActiveCfg = Debug MT|x64
		{85E2D76C-1C4A-48F7-85BE-E88BB81121A0}.Debug Kernel|X86.ActiveCfg = Debug MT|Win32
		{85E2D76C-1C4A-48F7-85BE-E88BB81121A0}.Debug MD DLL|X64.ActiveCfg = Debug MD DLL|x64
		{85E2D76C-1C4A-48F7-85BE-E88BB81121A0}.Debug MD DLL|X64.Build.0 = Debug MD DLL|x64
		{85E2D76C-1C4A-48F7-85BE-E88BB81121A0}.Debug MD DLL|X86.ActiveCfg = Debug MD DLL|Win32
		{85E2D76C-1C4A-48F7-85BE-E88BB81121A0}.Debug MD DLL|X86.Build.0 = Debug MD DLL|Win32
		{85E2D76C-1C4A-48F7-85BE-E88BB81121A0}.Debug MD|X64.ActiveCfg = Debug MD|x64
		{85E2D76C-1C4A-48F7-85BE-E88BB81121A0}.Debug MD|X64.Build.0 = Debug MD|x64
		{85E2D76C-1C4A-48F7-85BE-E88BB81121A0}.Debug MD|X86.ActiveCfg = Debug MD|Win32
		{85E2D76C-1C4A-48F7-85BE-E88BB81121A0}.Debug MD|X86.Build.0 = Debug MD|Win32
		{85E2D76C-1C4A-48F7-85BE-E88BB81121A0}.Debug MT DLL|X64.ActiveCfg = Debug MT DLL|x64
		{85E2D76C-1C4A-48F7-85BE-E88BB81121A0}.Debug MT DLL|X64.Build.0 = Debug MT DLL|x64
		{85E2D76C-1C4A-48F7-85BE-E88BB81121A0}.Debug MT DLL|X86.ActiveCfg = Debug MT DLL|Win32
		{85E2D76C-1C4A-48F7-85BE-E88BB81121A0}.Debug MT DLL|X86.Build.0 = Debug MT DLL|Win32
		{85E2D76C-1C4A-48F7-85BE-E88BB81121A0}.Debug MT|X64.ActiveCfg = Debug MT|x64
		{85E2D76C-1C4A-48F7-85BE-E88BB81121A0}.Debug MT|X64.Build.0 = Debug MT|x64
		{85E2D76C-1C4A-48F7-85BE-E88BB81121A0}.Debug MT|X86.ActiveCfg = Debug MT|Win32
		{85E2D76C-1C4A-48F7-85BE-E88BB81121A0}.Debug MT|X86.Build.0 = Debug MT|Win32
		{85E2D76C-1C4A-48F7-85BE-E88BB81121A0}.Release Kernel|X64.ActiveCfg = Release MT|x64
		{85E2D76C-1C4A-48F7-85BE-E88BB81121A0}.Release Kernel|X86.ActiveCfg = Release MT|Win32
		{85E2D76C-1C4A-48F7-85BE-E88BB81121A0}.Release MD DLL|X64.ActiveCfg = Release MD DLL|x64
		{85E2D76C-1C4A-48F7-85BE-E88BB81121A0}.Release MD DLL|X64.Build.0 = Release MD DLL|x64
		{85E2D76C-1C4A-48F7-85BE-E88BB81121A0}.Release MD DLL|X86.ActiveCfg = Release MD DLL|Win32
		{85E2D76C-1C4A-48F7-85BE-E88BB81121A0}.Release MD DLL|X86.Build.0 = Release MD DLL|Win32
		{85E2D76C-1C4A-48F7-85BE-E88BB81121A0}.Release MD|X64.ActiveCfg = Release MD|x64
		{85E2D76C-1C4A-48F7-85BE-E88BB81121A0}.Release MD|X64.Build.0 = Release MD|x64
		{85E2D76C-1C4A-48F7-85BE-E88BB81121A0}.Release MD|X86.ActiveCfg = Release MD|Win32
		{85E2D76C-1C4A-48F7-85BE-E88BB81121A0}.Release MD|X86.Build.0 = Release MD|Win32
		{85E2D76C-1C4A-48F7-85BE-E88BB81121A0}.Release MT DLL|X64.ActiveCfg = Release MT DLL|x64
		{85E2D76C-1C4A-48F7-85BE-E88BB81121A0}.Release MT DLL|X64.Build.0 = Release MT DLL|x64
		{85E2D76C-1C4A-48F7-85BE-E88BB81121A0}.Release MT DLL|X86.ActiveCfg = Release MT DLL|Win32
		{85E2D76C-1C4A-48F7-85BE-E88BB81121A0}.Release MT DLL|X86.Build.0 = Release MT DLL|Win32
		{85E2D76C-1C4A-48F7-85BE-E88BB81121A0}.Release MT|X64.ActiveCfg = Release MT|x64
		{85E2D76C-1C4A-48F7-85BE-E88BB81121A0}.Release MT|X64.Build.0 = Release MT|x64
		{85E2D76C-1C4A-48F7-85BE-E88BB81121A0}.Release MT|X86.ActiveCfg = Release MT|Win32
		{85E2D76C-1C4A-48F7-85BE-E88BB81121A0}.Release MT|X86.Build.0 = Release MT|Win32
		{9677D980-9814-4CD0-87FB-9E349ABE7D71}.Debug Kernel|X64.ActiveCfg = Debug MT|x64
		{9677D980-9814-4CD0-87FB-9E349ABE7D71}.Debug Kernel|X86.ActiveCfg = Debug MT|Win32
		{9677D980-9814-4CD0-87FB-9E349ABE7D71}.Debug MD DLL|X64.ActiveCfg = Debug MD DLL|x64
		{9677D980-9814-4CD0-87FB-9E349ABE7D71}.Debug MD DLL|X64.Build.0 = Debug MD DLL|x64
		{9677D980-9814-4CD0-87FB-9E349ABE7D71}.Debug MD DLL|X86.ActiveCfg = Debug MD DLL|Win32
		{9677D980-9814-4CD0-87FB-9E349ABE7D71}.Debug MD DLL|X86.Build.0 = Debug MD DLL|Win32
		{9677D980-9814-4CD0-87FB-9E349ABE7D71}.Debug MD|X64.ActiveCfg = Debug MD|x64
		{9677D980-9814-4CD0-87FB-9E349ABE7D71}.Debug MD|X64.Build.0 = Debug MD|x64
		{9677D980-9814-4CD0-87FB-9E349ABE7D71}.Debug MD|X86.ActiveCfg = Debug MD|Win32
		{9677D980-9814-4CD0-87FB-9E349ABE7D71}.Debug MD|X86.Build.0 = Debug MD|Win32
		{9677D980-9814-4CD0-87FB-9E349ABE7D71}.Debug MT DLL|X64.ActiveCfg = Debug MT DLL|x64
		{9677D980-9814-4CD0-87FB-9E349ABE7D71}.Debug MT DLL|X64.Build.0 = Debug MT DLL|x64
		{9677D980-9814-4CD0-87FB-9E349ABE7D71}.Debug MT DLL|X86.ActiveCfg = Debug MT DLL|Win32
		{9677D980-9814-4CD0-87FB-9E349ABE7D71}.Debug MT DLL|X86.Build.0 = Debug MT DLL|Win32
		{9677D980-9814-4CD0-87FB-9E349ABE7D71}.Debug MT|X64.ActiveCfg = Debug MT|x64
		{9677D980-9814-4CD0-87FB-9E349ABE7D71}.Debug MT|X64.Build.0 = Debug MT|x64
		{9677D980-9814-4CD0-87FB-9E349ABE7D71}.Debug MT|X86.ActiveCfg = Debug MT|Win32
		{9677D980-9814-4CD0-87FB-9E349ABE7D71}.Debug MT|X86.Build.0 = Debug MT|Win32
		{9677D980-9814-4CD0-87FB-9E349ABE7D71}.Release Kernel|X64.ActiveCfg = Release MT|x64
		{9677D980-9814-4CD0-87FB-9E349ABE7D71}.Release Kernel|X86.ActiveCfg = Release MT|Win32
		{9677D980-9814-4CD0-87FB-9E349ABE7D71}.Release MD DLL|X64.ActiveCfg = Release MD DLL|x64
		{9677D980-9814-4CD0-87FB-9E349ABE7D71}.Release MD DLL|X64.Build.0 = Release MD DLL|x64
		{9677D980-9814-4CD0-87FB-9E349ABE7D71}.Release MD DLL|X86.ActiveCfg = Release MD DLL|Win32
		{9677D980-9814-4CD0-87FB-9E349ABE7D71}.Release MD DLL|X86.Build.0 = Release MD DLL|Win32
		{9677D980-9814-4CD0-87FB-9E349ABE7D71}.Release MD|X64.ActiveCfg = Release MD|x64
		{9677D980-9814-4CD0-87FB-9E349ABE7D71}.Release MD|X64.Build.0 = Release MD|x64
		{9677D980-9814-4CD0-87FB-9E349ABE7D71}.Release MD|X86.ActiveCfg = Release MD|Win32
		{9677D980-9814-4CD0-87FB-9E349ABE7D71}.Release MD|X86.Build.0 = Release MD|Win32
		{9677D980-9814-4CD0-87FB-9E349ABE7D71}.Release MT DLL|X64.ActiveCfg = Release MT DLL|x64
		{9677D980-9814-4CD0-87FB-9E349ABE7D71}.Release MT DLL|X64.Build.0 = Release MT DLL|x64
		{9677D980-9814-4CD0-87FB-9E349ABE7D71}.Release MT DLL|X86.ActiveCfg = Release MT DLL|Win32
		{9677D980-9814-4CD0-87FB-9E349ABE7D71}.Release MT DLL|X86.Build.0 = Release MT DLL|Win32
		{9677D980-9814-4CD0-87FB-9E349ABE7D71}.Release MT|X64.ActiveCfg = Release MT|x64
		{9677D980-9814-4CD0-87FB-9E349ABE7D71}.Release MT|X64.Build.0 = Release MT|x64
		{9677D980-9814-4CD0-87FB-9E349ABE7D71}.Release MT|X86.ActiveCfg = Release MT|Win32
		{9677D980-9814-4CD0-87FB-9E349ABE7D71}.Release MT|X86.Build.0 = Release MT|Win32
		{805CBF3F-3DDC-3141-AD7C-3B452FBEBCD2}.Debug Kernel|X64.ActiveCfg = Debug MT|x64
		{805CBF3F-3DDC-3141-AD7C-3B452FBEBCD2}.Debug Kernel|X86.ActiveCfg = Debug MT|Win32
		{805CBF3F-3DDC-3141-AD7C-3B452FBEBCD2}.Debug MD DLL|X64.ActiveCfg = Debug MD DLL|x64
		{805CBF3F-3DDC-3141-AD7C-3B452FBEBCD2}.Debug MD DLL|X64.Build.0 = Debug MD DLL|x64
		{805CBF3F-3DDC-3141-AD7C-3B452FBEBCD2}.Debug MD DLL|X86.ActiveCfg = Debug MD DLL|Win32
		{805CBF3F-3DDC-3141-AD7C-3B452FBEBCD2}.Debug MD DLL|X86.Build.0 = Debug MD DLL|Win32
		{805CBF3F-3DDC-3141-AD7C-3B452FBEBCD2}.Debug MD|X64.ActiveCfg = Debug MD|x64
		{805CBF3F-3DDC-3141-AD7C-3B452FBEBCD2}.Debug MD|X64.Build.0 = Debug MD|x64
		{805CBF3F-3DDC-3141-AD7C-3B452FBEBCD2}.Debug MD|X86.ActiveCfg = Debug MD|Win32
		{805CBF3F-3DDC-3141-AD7C-3B452FBEBCD2}.Debug MD|X86.Build.0 = Debug MD|Win32
		{805CBF3F-3DDC-3141-AD7C-3B452FBEBCD2}.Debug MT DLL|X64.ActiveCfg = Debug MT DLL|x64
		{805CBF3F-3DDC-3141-AD7C-3B452FBEBCD2}.Debug MT DLL|X64.Build.0 = Debug MT DLL|x64
		{805CBF3F-3DDC-3141-AD7C-3B452FBEBCD2}.Debug MT DLL|X86.ActiveCfg = Debug MT DLL|Win32
		{805CBF3F-3DDC-3141-AD7C-3B452FBEBCD2}.Debug MT DLL|X86.Build.0 = Debug MT DLL|Win32
		{805CBF3F-3DDC-3141-AD7C-3B452FBEBCD2}.Debug MT|X64.ActiveCfg = Debug MT|x64
		{805CBF3F-3DDC-3141-AD7C-3B452FBEBCD2}.Debug MT|X64.Build.0 = Debug MT|x64
		{805CBF3F-3DDC-3141-AD7C-3B452FBEBCD2}.Debug MT|X86.ActiveCfg = Debug MT|Win32
		{805CBF3F-3DDC-3141-AD7C-3B452FBEBCD2}.Debug MT|X86.Build.0 = Debug MT|Win32
		{805CBF3F-3DDC-3141-AD7C-3B452FBEBCD2}.Release Kernel|X64.ActiveCfg = Release MT|x64
		{805CBF3F-3DDC-3141-AD7C-3B452FBEBCD2}.Release Kernel|X86.ActiveCfg = Release MT|Win32
		{805CBF3F-3DDC-3141-AD7C-3B452FBEBCD2}.Release MD DLL|X64.ActiveCfg = Release MD DLL|x64
		{805CBF3F-3DDC-3141-AD7C-3B452FBEBCD2}.Release MD DLL|X64.Build.0 = Release MD DLL|x64
		{805CBF3F-3DDC-3141-AD7C-3B452FBEBCD2}.Release MD DLL|X86.ActiveCfg = Release MD DLL|Win32
		{805CBF3F-3DDC-3141-AD7C-3B452FBEBCD2}.Release MD DLL|X86.Build.0 = Release MD DLL|Win32
		{805CBF3F-3DDC-3141-AD7C-3B452FBEBCD2}.Release MD|X64.ActiveCfg = Release MD|x64
		{805CBF3F-3DDC-3141-AD7C-3B452FBEBCD2}.Release MD|X64.Build.0 = Release MD|x64
		{805CBF3F-3DDC-3141-AD7C-3B452FBEBCD2}.Release MD|X86.ActiveCfg = Release MD|Win32
		{805CBF3F-3DDC-3141-AD7C-3B452FBEBCD2}.Release MD|X86.Build.0 = Release MD|Win32
		{805CBF3F-3DDC-3141-AD7C-3B452FBEBCD2}.Release MT DLL|X64.ActiveCfg = Release MT DLL|x64
		{805CBF3F-3DDC-3141-AD7C-3B452FBEBCD2}.Release MT DLL|X64.Build.0 = Release MT DLL|x64
		{805CBF3F-3DDC-3141-AD7C-3B452FBEBCD2}.Release MT DLL|X86.ActiveCfg = Release MT DLL|Win32
		{805CBF3F-3DDC-3141-AD7C-3B452FBEBCD2}.Release MT DLL|X86.Build.0 = Release MT DLL|Win32
		{805CBF3F-3DDC-3141-AD7C-3B452FBEBCD2}.Release MT|X64.ActiveCfg = Release MT|x64
		{805CBF3F-3DDC-3141-AD7C-3B452FBEBCD2}.Release MT|X64.Build.0 = Release MT|x64
		{805CBF3F-3DDC-3141-AD7C-3B452FBEBCD2}.Release MT|X86.ActiveCfg = Release MT|Win32
		{805CBF3F-3DDC-3141-AD7C-3B452FBEBCD2}.Release MT|X86.Build.0 = Release MT|Win32
		{A0C9A331-13CC-3762-9D26-9F82C6518CAA}.Debug Kernel|X64.ActiveCfg = Debug MT|x64
		{A0C9A331-13CC-3762-9D26-9F82C6518CAA}.Debug Kernel|X86.ActiveCfg = Debug MT|Win32
		{A0C9A331-13CC-3762-9D26-9F82C6518CAA}.Debug MD DLL|X64.ActiveCfg = Debug MD DLL|x64
		{A0C9A331-13CC-3762-9D26-9F82C6518CAA}.Debug MD DLL|X64.Build.0 = Debug MD DLL|x64
		{A0C9A331-13CC-3762-9D26-9F82C6518CAA}.Debug MD DLL|X86.ActiveCfg = Debug MD DLL|Win32
		{A0C9A331-13CC-3762-9D26-9F82C6518CAA}.Debug MD DLL|X86.Build.0 = Debug MD DLL|Win32
		{A0C9A331-13CC-3762-9D26-9F82C6518CAA}.Debug MD|X64.ActiveCfg = Debug MD|x64
		{A0C9A331-13CC-3762-9D26-9F82C6518CAA}.Debug MD|X64.Build.0 = Debug MD|x64
		{A0C9A331-13CC-3762-9D26-9F82C6518CAA}.Debug MD|X86.ActiveCfg = Debug MD|Win32
		{A0C9A331-13CC-3762-9D26-9F82C6518CAA}.Debug MD|X86.Build.0 = Debug MD|Win32
		{A0C9A331-13CC-3762-9D26-9F82C6518CAA}.Debug MT DLL|X64.ActiveCfg = Debug MT DLL|x64
		{A0C9A331-13CC-3762-9D26-9F82C6518CAA}.Debug MT DLL|X64.Build.0 = Debug MT DLL|x64
		{A0C9A331-13CC-3762-9D26-9F82C6518CAA}.Debug MT DLL|X86.ActiveCfg = Debug MT DLL|Win32
		{A0C9A331-13CC-3762-9D26-9F82C6518CAA}.Debug MT DLL|X86.Build.0 = Debug MT DLL|Win32
		{A0C9A331-13CC-3762-9D26-9F82C6518CAA}.Debug MT|X64.ActiveCfg = Debug MT|x64
		{A0C9A331-13CC-3762-9D26-9F82C6518CAA}.Debug MT|X64.Build.0 = Debug MT|x64
		{A0C9A331-13CC-3762-9D26-9F82C6518CAA}.Debug MT|X86.ActiveCfg = Debug MT|Win32
		{A0C9A331-13CC-3762-9D26-9F82C6518CAA}.Debug MT|X86.Build.0 = Debug MT|Win32
		{A0C9A331-13CC-3762-9D26-9F82C6518CAA}.Release Kernel|X64.ActiveCfg = Release MT|x64
		{A0C9A331-13CC-3762-9D26-9F82C6518CAA}.Release Kernel|X86.ActiveCfg = Release MT|Win32
		{A0C9A331-13CC-3762-9D26-9F82C6518CAA}.Release MD DLL|X64.ActiveCfg = Release MD DLL|x64
		{A0C9A331-13CC-3762-9D26-9F82C6518CAA}.Release MD DLL|X64.Build.0 = Release MD DLL|x64
		{A0C9A331-13CC-3762-9D26-9F82C6518CAA}.Release MD DLL|X86.ActiveCfg = Release MD DLL|Win32
		{A0C9A331-13CC-3762-9D26-9F82C6518CAA}.Release MD DLL|X86.Build.0 = Release MD DLL|Win32
		{A0C9A331-13CC-3762-9D26-9F82C6518CAA}.Release MD|X64.ActiveCfg = Release MD|x64
		{A0C9A331-13CC-3762-9D26-9F82C6518CAA}.Release MD|X64.Build.0 = Release MD|x64
		{A0C9A331-13CC-3762-9D26-9F82C6518CAA}.Release MD|X86.ActiveCfg = Release MD|Win32
		{A0C9A331-13CC-3762-9D26-9F82C6518CAA}.Release MD|X86.Build.0 = Release MD|Win32
		{A0C9A331-13CC-3762-9D26-9F82C6518CAA}.Release MT DLL|X64.ActiveCfg = Release MT DLL|x64
		{A0C9A331-13CC-3762-9D26-9F82C6518CAA}.Release MT DLL|X64.Build.0 = Release MT DLL|x64
		{A0C9A331-13CC-3762-9D26-9F82C6518CAA}.Release MT DLL|X86.ActiveCfg = Release MT DLL|Win32
		{A0C9A331-13CC-3762-9D26-9F82C6518CAA}.Release MT DLL|X86.Build.0 = Release MT DLL|Win32
		{A0C9A331-13CC-3762-9D26-9F82C6518CAA}.Release MT|X64.ActiveCfg = Release MT|x64
		{A0C9A331-13CC-3762-9D26-9F82C6518CAA}.Release MT|X64.Build.0 = Release MT|x64
		{A0C9A331-13CC-3762-9D26-9F82C6518CAA}.Release MT|X86.ActiveCfg = Release MT|Win32
		{A0C9A331-13CC-3762-9D26-9F82C6518CAA}.Release MT|X86.Build.0 = Release MT|Win32
		{3B52F35B-17B4-4BCD-B0FC-D32955E7C501}.Debug Kernel|X64.ActiveCfg = Debug MT|x64
		{3B52F35B-17B4-4BCD-B0FC-D32955E7C501}.Debug Kernel|X86.ActiveCfg = Debug MT|Win32
		{3B52F35B-17B4-4BCD-B0FC-D32955E7C501}.Debug MD DLL|X64.ActiveCfg = Debug MD DLL|x64
		{3B52F35B-17B4-4BCD-B0FC-D32955E7C501}.Debug MD DLL|X64.Build.0 = Debug MD DLL|x64
		{3B52F35B-17B4-4BCD-B0FC-D32955E7C501}.Debug MD DLL|X86.ActiveCfg = Debug MD DLL|Win32
		{3B52F35B-17B4-4BCD-B0FC-D32955E7C501}.Debug MD DLL|X86.Build.0 = Debug MD DLL|Win32
		{3B52F35B-17B4-4BCD-B0FC-D32955E7C501}.Debug MD|X64.ActiveCfg = Debug MD|x64
		{3B52F35B-17B4-4BCD-B0FC-D32955E7C501}.Debug MD|X64.Build.0 = Debug MD|x64
		{3B52F35B-17B4-4BCD-B0FC-D32955E7C501}.Debug MD|X86.ActiveCfg = Debug MD|Win32
		{3B52F35B-17B4-4BCD-B0FC-D32955E7C501}.Debug MD|X86.Build.0 = Debug MD|Win32
		{3B52F35B-17B4-4BCD-B0FC-D32955E7C501}.Debug MT DLL|X64.ActiveCfg = Debug MT DLL|x64
		{3B52F35B-17B4-4BCD-B0FC-D32955E7C501}.Debug MT DLL|X64.Build.0 = Debug MT DLL|x64
		{3B52F35B-17B4-4BCD-B0FC-D32955E7C501}.Debug MT DLL|X86.ActiveCfg = Debug MT DLL|Win32
		{3B52F35B-17B4-4BCD-B0FC-D32955E7C501}.Debug MT DLL|X86.Build.0 = Debug MT DLL|Win32
		{3B52F35B-17B4-4BCD-B0FC-D32955E7C501}.Debug MT|X64.ActiveCfg = Debug MT|x64
		{3B52F35B-17B4-4BCD-B0FC-D32955E7C501}.Debug MT|X64.Build.0 = Debug MT|x64
		{3B52F35B-17B4-4BCD-B0FC-D32955E7C501}.Debug MT|X86.ActiveCfg = Debug MT|Win32
		{3B52F35B-17B4-4BCD-B0FC-D32955E7C501}.Debug MT|X86.Build.0 = Debug MT|Win32
		{3B52F35B-17B4-4BCD-B0FC-D32955E7C501}.Release Kernel|X64.ActiveCfg = Release MT|x64
		{3B52F35B-17B4-4BCD-B0FC-D32955E7C501}.Release Kernel|X86.ActiveCfg = Release MT|Win32
		{3B52F35B-17B4-4BCD-B0FC-D32955E7C501}.Release MD DLL|X64.ActiveCfg = Release MD DLL|x64
		{3B52F35B-17B4-4BCD-B0FC-D32955E7C501}.Release MD DLL|X64.Build.0 = Release MD DLL|x64
		{3B52F35B-17B4-4BCD-B0FC-D32955E7C501}.Release MD DLL|X86.ActiveCfg = Release MD DLL|Win32
		{3B52F35B-17B4-4BCD-B0FC-D32955E7C501}.Release MD DLL|X86.Build.0 = Release MD DLL|Win32
		{3B52F35B-17B4-4BCD-B0FC-D32955E7C501}.Release MD|X64.ActiveCfg = Release MD|x64
		{3B52F35B-17B4-4BCD-B0FC-D32955E7C501}.Release MD|X64.Build.0 = Release MD|x64
		{3B52F35B-17B4-4BCD-B0FC-D32955E7C501}.Release MD|X86.ActiveCfg = Release MD|Win32
		{3B52F35B-17B4-4BCD-B0FC-D32955E7C501}.Release MD|X86.Build.0 = Release MD|Win32
		{3B52F35B-17B4-4BCD-B0FC-D32955E7C501}.Release MT DLL|X64.ActiveCfg = Release MT DLL|x64
		{3B52F35B-17B4-4BCD-B0FC-D32955E7C501}.Release MT DLL|X64.Build.0 = Release MT DLL|x64
		{3B52F35B-17B4-4BCD-B0FC-D32955E7C501}.Release MT DLL|X86.ActiveCfg = Release MT DLL|Win32
		{3B52F35B-17B4-4BCD-B0FC-D32955E7C501}.Release MT DLL|X86.Build.0 = Release MT DLL|Win32
		{3B52F35B-17B4-4BCD-B0FC-D32955E7C501}.Release MT|X64.ActiveCfg = Release MT|x64
		{3B52F35B-17B4-4BCD-B0FC-D32955E7C501}.Release MT|X64.Build.0 = Release MT|x64
		{3B52F35B-17B4-4BCD-B0FC-D32955E7C501}.Release MT|X86.ActiveCfg = Release MT|Win32
		{3B52F35B-17B4-4BCD-B0FC-D32955E7C501}.Release MT|X86.Build.0 = Release MT|Win32
		{D07FC651-62C3-47D8-B181-391804410D6E}.Debug Kernel|X64.ActiveCfg = Debug MT|x64
		{D07FC651-62C3-47D8-B181-391804410D6E}.Debug Kernel|X86.ActiveCfg = Debug MT|Win32
		{D07FC651-62C3-47D8-B181-391804410D6E}.Debug MD DLL|X64.ActiveCfg = Debug MD DLL|x64
		{D07FC651-62C3-47D8-B181-391804410D6E}.Debug MD DLL|X64.Build.0 = Debug MD DLL|x64
		{D07FC651-62C3-47D8-B181-391804410D6E}.Debug MD DLL|X86.ActiveCfg = Debug MD DLL|Win32
		{D07FC651-62C3-47D8-B181-391804410D6E}.Debug MD DLL|X86.Build.0 = Debug MD DLL|Win32
		{D07FC651-62C3-47D8-B181-391804410D6E}.Debug MD|X64.ActiveCfg = Debug MD|x64
		{D07FC651-62C3-47D8-B181-391804410D6E}.Debug MD|X64.Build.0 = Debug MD|x64
		{D07FC651-62C3-47D8-B181-391804410D6E}.Debug MD|X86.ActiveCfg = Debug MD|Win32
		{D07FC651-62C3-47D8-B181-391804410D6E}.Debug MD|X86.Build.0 = Debug MD|Win32
		{D07FC651-62C3-47D8-B181-391804410D6E}.Debug MT DLL|X64.ActiveCfg = Debug MT DLL|x64
		{D07FC651-62C3-47D8-B181-391804410D6E}.Debug MT DLL|X64.Build.0 = Debug MT DLL|x64
		{D07FC651-62C3-47D8-B181-391804410D6E}.Debug MT DLL|X86.ActiveCfg = Debug MT DLL|Win32
		{D07FC651-62C3-47D8-B181-391804410D6E}.Debug MT DLL|X86.Build.0 = Debug MT DLL|Win32
		{D07FC651-62C3-47D8-B181-391804410D6E}.Debug MT|X64.ActiveCfg = Debug MT|x64
		{D07FC651-62C3-47D8-B181-391804410D6E}.Debug MT|X64.Build.0 = Debug MT|x64
		{D07FC651-62C3-47D8-B181-391804410D6E}.Debug MT|X86.ActiveCfg = Debug MT|Win32
		{D07FC651-62C3-47D8-B181-391804410D6E}.Debug MT|X86.Build.0 = Debug MT|Win32
		{D07FC651-62C3-47D8-B181-391804410D6E}.Release Kernel|X64.ActiveCfg = Release MT|x64
		{D07FC651-62C3-47D8-B181-391804410D6E}.Release Kernel|X86.ActiveCfg = Release MT|Win32
		{D07FC651-62C3-47D8-B181-391804410D6E}.Release MD DLL|X64.ActiveCfg = Release MD DLL|x64
		{D07FC651-62C3-47D8-B181-391804410D6E}.Release MD DLL|X64.Build.0 = Release MD DLL|x64
		{D07FC651-62C3-47D8-B181-391804410D6E}.Release MD DLL|X86.ActiveCfg = Release MD DLL|Win32
		{D07FC651-62C3-47D8-B181-391804410D6E}.Release MD DLL|X86.Build.0 = Release MD DLL|Win32
		{D07FC651-62C3-47D8-B181-391804410D6E}.Release MD|X64.ActiveCfg = Release MD|x64
		{D07FC651-62C3-47D8-B181-391804410D6E}.Release MD|X64.Build.0 = Release MD|x64
		{D07FC651-62C3-47D8-B181-391804410D6E}.Release MD|X86.ActiveCfg = Release MD|Win32
		{D07FC651-62C3-47D8-B181-391804410D6E}.Release MD|X86.Build.0 = Release MD|Win32
		{D07FC651-62C3-47D8-B181-391804410D6E}.Release MT DLL|X64.ActiveCfg = Release MT DLL|x64
		{D07FC651-62C3-47D8-B181-391804410D6E}.Release MT DLL|X64.Build.0 = Release MT DLL|x64
		{D07FC651-62C3-47D8-B181-391804410D6E}.Release MT DLL|X86.ActiveCfg = Release MT DLL|Win32
		{D07FC651-62C3-47D8-B181-391804410D6E}.Release MT DLL|X86.Build.0 = Release MT DLL|Win32
		{D07FC651-62C3-47D8-B181-391804410D6E}.Release MT|X64.ActiveCfg = Release MT|x64
		{D07FC651-62C3-47D8-B181-391804410D6E}.Release MT|X64.Build.0 = Release MT|x64
		{D07FC651-62C3-47D8-B181-391804410D6E}.Release MT|X86.ActiveCfg = Release MT|Win32
		{D07FC651-62C3-47D8-B181-391804410D6E}.Release MT|X86.Build.0 = Release MT|Win32
		{F0B3C165-EAEF-4521-89A0-4490A76BF853}.Debug Kernel|X64.ActiveCfg = Debug MT|x64
		{F0B3C165-EAEF-4521-89A0-4490A76BF853}.Debug Kernel|X86.ActiveCfg = Debug MT|Win32
		{F0B3C165-EAEF-4521-89A0-4490A76BF853}.Debug MD DLL|X64.ActiveCfg = Debug MD DLL|x64
		{F0B3C165-EAEF-4521-89A0-4490A76BF853}.Debug MD DLL|X86.ActiveCfg = Debug MD DLL|Win32
		{F0B3C165-EAEF-4521-89A0-4490A76BF853}.Debug MD|X64.ActiveCfg = Debug MD|x64
		{F0B3C165-EAEF-4521-89A0-4490A76BF853}.Debug MD|X64.Build.0 = Debug MD|x64
		{F0B3C165-EAEF-4521-89A0-4490A76BF853}.Debug MD|X86.ActiveCfg = Debug MD|Win32
		{F0B3C165-EAEF-4521-89A0-4490A76BF853}.Debug MD|X86.Build.0 = Debug MD|Win32
		{F0B3C165-EAEF-4521-89A0-4490A76BF853}.Debug MT DLL|X64.ActiveCfg = Debug MT DLL|x64
		{F0B3C165-EAEF-4521-89A0-4490A76BF853}.Debug MT DLL|X86.ActiveCfg = Debug MT DLL|Win32
		{F0B3C165-EAEF-4521-89A0-4490A76BF853}.Debug MT|X64.ActiveCfg = Debug MT|x64
		{F0B3C165-EAEF-4521-89A0-4490A76BF853}.Debug MT|X64.Build.0 = Debug MT|x64
		{F0B3C165-EAEF-4521-89A0-4490A76BF853}.Debug MT|X86.ActiveCfg = Debug MT|Win32
		{F0B3C165-EAEF-4521-89A0-4490A76BF853}.Debug MT|X86.Build.0 = Debug MT|Win32
		{F0B3C165-EAEF-4521-89A0-4490A76BF853}.Release Kernel|X64.ActiveCfg = Release MT|x64
		{F0B3C165-EAEF-4521-89A0-4490A76BF853}.Release Kernel|X86.ActiveCfg = Release MT|Win32
		{F0B3C165-EAEF-4521-89A0-4490A76BF853}.Release MD DLL|X64.ActiveCfg = Release MD DLL|x64
		{F0B3C165-EAEF-4521-89A0-4490A76BF853}.Release MD DLL|X86.ActiveCfg = Release MD DLL|Win32
		{F0B3C165-EAEF-4521-89A0-4490A76BF853}.Release MD|X64.ActiveCfg = Release MD|x64
		{F0B3C165-EAEF-4521-89A0-4490A76BF853}.Release MD|X64.Build.0 = Release MD|x64
		{F0B3C165-EAEF-4521-89A0-4490A76BF853}.Release MD|X86.ActiveCfg = Release MD|Win32
		{F0B3C165-EAEF-4521-89A0-4490A76BF853}.Release MD|X86.Build.0 = Release MD|Win32
		{F0B3C165-EAEF-4521-89A0-4490A76BF853}.Release MT DLL|X64.ActiveCfg = Release MT DLL|x64
		{F0B3C165-EAEF-4521-89A0-4490A76BF853}.Release MT DLL|X86.ActiveCfg = Release MT DLL|Win32
		{F0B3C165-EAEF-4521-89A0-4490A76BF853}.Release MT|X64.ActiveCfg = Release MT|x64
		{F0B3C165-EAEF-4521-89A0-4490A76BF853}.Release MT|X64.Build.0 = Release MT|x64
		{F0B3C165-EAEF-4521-89A0-4490A76BF853}.Release MT|X86.ActiveCfg = Release MT|Win32
		{F0B3C165-EAEF-4521-89A0-4490A76BF853}.Release MT|X86.Build.0 = Release MT|Win32
		{BC04B6A7-D80C-3FED-97AC-BCC8370D6A7E}.Debug Kernel|X64.ActiveCfg = Debug MT|x64
		{BC04B6A7-D80C-3FED-97AC-BCC8370D6A7E}.Debug Kernel|X86.ActiveCfg = Debug MT|Win32
		{BC04B6A7-D80C-3FED-97AC-BCC8370D6A7E}.Debug MD DLL|X64.ActiveCfg = Debug MD DLL|x64
		{BC04B6A7-D80C-3FED-97AC-BCC8370D6A7E}.Debug MD DLL|X64.Build.0 = Debug MD DLL|x64
		{BC04B6A7-D80C-3FED-97AC-BCC8370D6A7E}.Debug MD DLL|X86.ActiveCfg = Debug MD DLL|Win32
		{BC04B6A7-D80C-3FED-97AC-BCC8370D6A7E}.Debug MD DLL|X86.Build.0 = Debug MD DLL|Win32
		{BC04B6A7-D80C-3FED-97AC-BCC8370D6A7E}.Debug MD|X64.ActiveCfg = Debug MD|x64
		{BC04B6A7-D80C-3FED-97AC-BCC8370D6A7E}.Debug MD|X64.Build.0 = Debug MD|x64
		{BC04B6A7-D80C-3FED-97AC-BCC8370D6A7E}.Debug MD|X86.ActiveCfg = Debug MD|Win32
		{BC04B6A7-D80C-3FED-97AC-BCC8370D6A7E}.Debug MD|X86.Build.0 = Debug MD|Win32
		{BC04B6A7-D80C-3FED-97AC-BCC8370D6A7E}.Debug MT DLL|X64.ActiveCfg = Debug MT DLL|x64
		{BC04B6A7-D80C-3FED-97AC-BCC8370D6A7E}.Debug MT DLL|X64.Build.0 = Debug MT DLL|x64
		{BC04B6A7-D80C-3FED-97AC-BCC8370D6A7E}.Debug MT DLL|X86.ActiveCfg = Debug MT DLL|Win32
		{BC04B6A7-D80C-3FED-97AC-BCC8370D6A7E}.Debug MT DLL|X86.Build.0 = Debug MT DLL|Win32
		{BC04B6A7-D80C-3FED-97AC-BCC8370D6A7E}.Debug MT|X64.ActiveCfg = Debug MT|x64
		{BC04B6A7-D80C-3FED-97AC-BCC8370D6A7E}.Debug MT|X64.Build.0 = Debug MT|x64
		{BC04B6A7-D80C-3FED-97AC-BCC8370D6A7E}.Debug MT|X86.ActiveCfg = Debug MT|Win32
		{BC04B6A7-D80C-3FED-97AC-BCC8370D6A7E}.Debug MT|X86.Build.0 = Debug MT|Win32
		{BC04B6A7-D80C-3FED-97AC-BCC8370D6A7E}.Release Kernel|X64.ActiveCfg = Release MT|x64
		{BC04B6A7-D80C-3FED-97AC-BCC8370D6A7E}.Release Kernel|X86.ActiveCfg = Release MT|Win32
		{BC04B6A7-D80C-3FED-97AC-BCC8370D6A7E}.Release MD DLL|X64.ActiveCfg = Release MD DLL|x64
		{BC04B6A7-D80C-3FED-97AC-BCC8370D6A7E}.Release MD DLL|X64.Build.0 = Release MD DLL|x64
		{BC04B6A7-D80C-3FED-97AC-BCC8370D6A7E}.Release MD DLL|X86.ActiveCfg = Release MD DLL|Win32
		{BC04B6A7-D80C-3FED-97AC-BCC8370D6A7E}.Release MD DLL|X86.Build.0 = Release MD DLL|Win32
		{BC04B6A7-D80C-3FED-97AC-BCC8370D6A7E}.Release MD|X64.ActiveCfg = Release MD|x64
		{BC04B6A7-D80C-3FED-97AC-BCC8370D6A7E}.Release MD|X64.Build.0 = Release MD|x64
		{BC04B6A7-D80C-3FED-97AC-BCC8370D6A7E}.Release MD|X86.ActiveCfg = Release MD|Win32
		{BC04B6A7-D80C-3FED-97AC-BCC8370D6A7E}.Release MD|X86.Build.0 = Release MD|Win32
		{BC04B6A7-D80C-3FED-97AC-BCC8370D6A7E}.Release MT DLL|X64.ActiveCfg = Release MT DLL|x64
		{BC04B6A7-D80C-3FED-97AC-BCC8370D6A7E}.Release MT DLL|X64.Build.0 = Release MT DLL|x64
		{BC04B6A7-D80C-3FED-97AC-BCC8370D6A7E}.Release MT DLL|X86.ActiveCfg = Release MT DLL|Win32
		{BC04B6A7-D80C-3FED-97AC-BCC8370D6A7E}.Release MT DLL|X86.Build.0 = Release MT DLL|Win32
		{BC04B6A7-D80C-3FED-97AC-BCC8370D6A7E}.Release MT|X64.ActiveCfg = Release MT|x64
		{BC04B6A7-D80C-3FED-97AC-BCC8370D6A7E}.Release MT|X64.Build.0 = Release MT|x64
		{BC04B6A7-D80C-3FED-97AC-BCC8370D6A7E}.Release MT|X86.ActiveCfg = Release MT|Win32
		{BC04B6A7-D80C-3FED-97AC-BCC8370D6A7E}.Release MT|X86.Build.0 = Release MT|Win32
		{88A23124-5640-35A0-B890-311D7A67A7D2}.Debug Kernel|X64.ActiveCfg = Debug Kernel|x64
		{88A23124-5640-35A0-B890-311D7A67A7D2}.Debug Kernel|X64.Build.0 = Debug Kernel|x64
		{88A23124-5640-35A0-B890-311D7A67A7D2}.Debug Kernel|X86.ActiveCfg = Debug Kernel|Win32
		{88A23124-5640-35A0-B890-311D7A67A7D2}.Debug MD DLL|X64.ActiveCfg = Debug MD DLL|x64
		{88A23124-5640-35A0-B890-311D7A67A7D2}.Debug MD DLL|X64.Build.0 = Debug MD DLL|x64
		{88A23124-5640-35A0-B890-311D7A67A7D2}.Debug MD DLL|X86.ActiveCfg = Debug MD DLL|Win32
		{88A23124-5640-35A0-B890-311D7A67A7D2}.Debug MD DLL|X86.Build.0 = Debug MD DLL|Win32
		{88A23124-5640-35A0-B890-311D7A67A7D2}.Debug MD|X64.ActiveCfg = Debug MD|x64
		{88A23124-5640-35A0-B890-311D7A67A7D2}.Debug MD|X64.Build.0 = Debug MD|x64
		{88A23124-5640-35A0-B890-311D7A67A7D2}.Debug MD|X86.ActiveCfg = Debug MD|Win32
		{88A23124-5640-35A0-B890-311D7A67A7D2}.Debug MD|X86.Build.0 = Debug MD|Win32
		{88A23124-5640-35A0-B890-311D7A67A7D2}.Debug MT DLL|X64.ActiveCfg = Debug MT DLL|x64
		{88A23124-5640-35A0-B890-311D7A67A7D2}.Debug MT DLL|X64.Build.0 = Debug MT DLL|x64
		{88A23124-5640-35A0-B890-311D7A67A7D2}.Debug MT DLL|X86.ActiveCfg = Debug MT DLL|Win32
		{88A23124-5640-35A0-B890-311D7A67A7D2}.Debug MT DLL|X86.Build.0 = Debug MT DLL|Win32
		{88A23124-5640-35A0-B890-311D7A67A7D2}.Debug MT|X64.ActiveCfg = Debug MT|x64
		{88A23124-5640-35A0-B890-311D7A67A7D2}.Debug MT|X64.Build.0 = Debug MT|x64
		{88A23124-5640-35A0-B890-311D7A67A7D2}.Debug MT|X86.ActiveCfg = Debug MT|Win32
		{88A23124-5640-35A0-B890-311D7A67A7D2}.Debug MT|X86.Build.0 = Debug MT|Win32
		{88A23124-5640-35A0-B890-311D7A67A7D2}.Release Kernel|X64.ActiveCfg = Release Kernel|x64
		{88A23124-5640-35A0-B890-311D7A67A7D2}.Release Kernel|X64.Build.0 = Release Kernel|x64
		{88A23124-5640-35A0-B890-311D7A67A7D2}.Release Kernel|X86.ActiveCfg = Release Kernel|Win32
		{88A23124-5640-35A0-B890-311D7A67A7D2}.Release MD DLL|X64.ActiveCfg = Release MD DLL|x64
		{88A23124-5640-35A0-B890-311D7A67A7D2}.Release MD DLL|X64.Build.0 = Release MD DLL|x64
		{88A23124-5640-35A0-B890-311D7A67A7D2}.Release MD DLL|X86.ActiveCfg = Release MD DLL|Win32
		{88A23124-5640-35A0-B890-311D7A67A7D2}.Release MD DLL|X86.Build.0 = Release MD DLL|Win32
		{88A23124-5640-35A0-B890-311D7A67A7D2}.Release MD|X64.ActiveCfg = Release MD|x64
		{88A23124-5640-35A0-B890-311D7A67A7D2}.Release MD|X64.Build.0 = Release MD|x64
		{88A23124-5640-35A0-B890-311D7A67A7D2}.Release MD|X86.ActiveCfg = Release MD|Win32
		{88A23124-5640-35A0-B890-311D7A67A7D2}.Release MD|X86.Build.0 = Release MD|Win32
		{88A23124-5640-35A0-B890-311D7A67A7D2}.Release MT DLL|X64.ActiveCfg = Release MT DLL|x64
		{88A23124-5640-35A0-B890-311D7A67A7D2}.Release MT DLL|X64.Build.0 = Release MT DLL|x64
		{88A23124-5640-35A0-B890-311D7A67A7D2}.Release MT DLL|X86.ActiveCfg = Release MT DLL|Win32
		{88A23124-5640-35A0-B890-311D7A67A7D2}.Release MT DLL|X86.Build.0 = Release MT DLL|Win32
		{88A23124-5640-35A0-B890-311D7A67A7D2}.Release MT|X64.ActiveCfg = Release MT|x64
		{88A23124-5640-35A0-B890-311D7A67A7D2}.Release MT|X64.Build.0 = Release MT|x64
		{88A23124-5640-35A0-B890-311D7A67A7D2}.Release MT|X86.ActiveCfg = Release MT|Win32
		{88A23124-5640-35A0-B890-311D7A67A7D2}.Release MT|X86.Build.0 = Release MT|Win32
		{45BD58A5-1711-417F-99E7-B640C56F8009}.Debug Kernel|X64.ActiveCfg = Debug|x64
		{45BD58A5-1711-417F-99E7-B640C56F8009}.Debug Kernel|X64.Build.0 = Debug|x64
		{45BD58A5-1711-417F-99E7-B640C56F8009}.Debug Kernel|X86.ActiveCfg = Debug|Win32
		{45BD58A5-1711-417F-99E7-B640C56F8009}.Debug MD DLL|X64.ActiveCfg = Debug|x64
		{45BD58A5-1711-417F-99E7-B640C56F8009}.Debug MD DLL|X86.ActiveCfg = Debug|Win32
		{45BD58A5-1711-417F-99E7-B640C56F8009}.Debug MD|X64.ActiveCfg = Debug|x64
		{45BD58A5-1711-417F-99E7-B640C56F8009}.Debug MD|X86.ActiveCfg = Debug|Win32
		{45BD58A5-1711-417F-99E7-B640C56F8009}.Debug MT DLL|X64.ActiveCfg = Debug|x64
		{45BD58A5-1711-417F-99E7-B640C56F8009}.Debug MT DLL|X86.ActiveCfg = Debug|Win32
		{45BD58A5-1711-417F-99E7-B640C56F8009}.Debug MT|X64.ActiveCfg = Debug|x64
		{45BD58A5-1711-417F-99E7-B640C56F8009}.Debug MT|X86.ActiveCfg = Debug|Win32
		{45BD58A5-1711-417F-99E7-B640C56F8009}.Release Kernel|X64.ActiveCfg = Release|x64
		{45BD58A5-1711-417F-99E7-B640C56F8009}.Release Kernel|X64.Build.0 = Release|x64
		{45BD58A5-1711-417F-99E7-B640C56F8009}.Release Kernel|X86.ActiveCfg = Release|Win32
		{45BD58A5-1711-417F-99E7-B640C56F8009}.Release MD DLL|X64.ActiveCfg = Release|x64
		{45BD58A5-1711-417F-99E7-B640C56F8009}.Release MD DLL|X86.ActiveCfg = Release|Win32
		{45BD58A5-1711-417F-99E7-B640C56F8009}.Release MD|X64.ActiveCfg = Release|x64
		{45BD58A5-1711-417F-99E7-B640C56F8009}.Release MD|X86.ActiveCfg = Release|Win32
		{45BD58A5-1711-417F-99E7-B640C56F8009}.Release MT DLL|X64.ActiveCfg = Release|x64
		{45BD58A5-1711-417F-99E7-B640C56F8009}.Release MT DLL|X86.ActiveCfg = Release|Win32
		{45BD58A5-1711-417F-99E7-B640C56F8009}.Release MT|X64.ActiveCfg = Release|x64
		{45BD58A5-1711-417F-99E7-B640C56F8009}.Release MT|X86.ActiveCfg = Release|Win32
		{E06E2E87-82B9-4DC2-A1E9-FE371CDBAAC2}.Debug Kernel|X64.ActiveCfg = Debug Kernel|x64
		{E06E2E87-82B9-4DC2-A1E9-FE371CDBAAC2}.Debug Kernel|X64.Build.0 = Debug Kernel|x64
		{E06E2E87-82B9-4DC2-A1E9-FE371CDBAAC2}.Debug Kernel|X86.ActiveCfg = Debug Kernel|Win32
		{E06E2E87-82B9-4DC2-A1E9-FE371CDBAAC2}.Debug MD DLL|X64.ActiveCfg = Debug MD DLL|x64
		{E06E2E87-82B9-4DC2-A1E9-FE371CDBAAC2}.Debug MD DLL|X64.Build.0 = Debug MD DLL|x64
		{E06E2E87-82B9-4DC2-A1E9-FE371CDBAAC2}.Debug MD DLL|X86.ActiveCfg = Debug MD DLL|Win32
		{E06E2E87-82B9-4DC2-A1E9-FE371CDBAAC2}.Debug MD DLL|X86.Build.0 = Debug MD DLL|Win32
		{E06E2E87-82B9-4DC2-A1E9-FE371CDBAAC2}.Debug MD|X64.ActiveCfg = Debug MD|x64
		{E06E2E87-82B9-4DC2-A1E9-FE371CDBAAC2}.Debug MD|X64.Build.0 = Debug MD|x64
		{E06E2E87-82B9-4DC2-A1E9-FE371CDBAAC2}.Debug MD|X86.ActiveCfg = Debug MD|Win32
		{E06E2E87-82B9-4DC2-A1E9-FE371CDBAAC2}.Debug MD|X86.Build.0 = Debug MD|Win32
		{E06E2E87-82B9-4DC2-A1E9-FE371CDBAAC2}.Debug MT DLL|X64.ActiveCfg = Debug MT DLL|x64
		{E06E2E87-82B9-4DC2-A1E9-FE371CDBAAC2}.Debug MT DLL|X64.Build.0 = Debug MT DLL|x64
		{E06E2E87-82B9-4DC2-A1E9-FE371CDBAAC2}.Debug MT DLL|X86.ActiveCfg = Debug MT DLL|Win32
		{E06E2E87-82B9-4DC2-A1E9-FE371CDBAAC2}.Debug MT DLL|X86.Build.0 = Debug MT DLL|Win32
		{E06E2E87-82B9-4DC2-A1E9-FE371CDBAAC2}.Debug MT|X64.ActiveCfg = Debug MT|x64
		{E06E2E87-82B9-4DC2-A1E9-FE371CDBAAC2}.Debug MT|X64.Build.0 = Debug MT|x64
		{E06E2E87-82B9-4DC2-A1E9-FE371CDBAAC2}.Debug MT|X86.ActiveCfg = Debug MT|Win32
		{E06E2E87-82B9-4DC2-A1E9-FE371CDBAAC2}.Debug MT|X86.Build.0 = Debug MT|Win32
		{E06E2E87-82B9-4DC2-A1E9-FE371CDBAAC2}.Release Kernel|X64.ActiveCfg = Release Kernel|x64
		{E06E2E87-82B9-4DC2-A1E9-FE371CDBAAC2}.Release Kernel|X64.Build.0 = Release Kernel|x64
		{E06E2E87-82B9-4DC2-A1E9-FE371CDBAAC2}.Release Kernel|X86.ActiveCfg = Release Kernel|Win32
		{E06E2E87-82B9-4DC2-A1E9-FE371CDBAAC2}.Release MD DLL|X64.ActiveCfg = Release MD DLL|x64
		{E06E2E87-82B9-4DC2-A1E9-FE371CDBAAC2}.Release MD DLL|X64.Build.0 = Release MD DLL|x64
		{E06E2E87-82B9-4DC2-A1E9-FE371CDBAAC2}.Release MD DLL|X86.ActiveCfg = Release MD DLL|Win32
		{E06E2E87-82B9-4DC2-A1E9-FE371CDBAAC2}.Release MD DLL|X86.Build.0 = Release MD DLL|Win32
		{E06E2E87-82B9-4DC2-A1E9-FE371CDBAAC2}.Release MD|X64.ActiveCfg = Release MD|x64
		{E06E2E87-82B9-4DC2-A1E9-FE371CDBAAC2}.Release MD|X64.Build.0 = Release MD|x64
		{E06E2E87-82B9-4DC2-A1E9-FE371CDBAAC2}.Release MD|X86.ActiveCfg = Release MD|Win32
		{E06E2E87-82B9-4DC2-A1E9-FE371CDBAAC2}.Release MD|X86.Build.0 = Release MD|Win32
		{E06E2E87-82B9-4DC2-A1E9-FE371CDBAAC2}.Release MT DLL|X64.ActiveCfg = Release MT DLL|x64
		{E06E2E87-82B9-4DC2-A1E9-FE371CDBAAC2}.Release MT DLL|X64.Build.0 = Release MT DLL|x64
		{E06E2E87-82B9-4DC2-A1E9-FE371CDBAAC2}.Release MT DLL|X86.ActiveCfg = Release MT DLL|Win32
		{E06E2E87-82B9-4DC2-A1E9-FE371CDBAAC2}.Release MT DLL|X86.Build.0 = Release MT DLL|Win32
		{E06E2E87-82B9-4DC2-A1E9-FE371CDBAAC2}.Release MT|X64.ActiveCfg = Release MT|x64
		{E06E2E87-82B9-4DC2-A1E9-FE371CDBAAC2}.Release MT|X64.Build.0 = Release MT|x64
		{E06E2E87-82B9-4DC2-A1E9-FE371CDBAAC2}.Release MT|X86.ActiveCfg = Release MT|Win32
		{E06E2E87-82B9-4DC2-A1E9-FE371CDBAAC2}.Release MT|X86.Build.0 = Release MT|Win32
		{0FE9CA7E-80FD-4FB6-ABB4-6A2E3704DE51}.Debug Kernel|X64.ActiveCfg = Debug MT|x64
		{0FE9CA7E-80FD-4FB6-ABB4-6A2E3704DE51}.Debug Kernel|X86.ActiveCfg = Debug MT|Win32
		{0FE9CA7E-80FD-4FB6-ABB4-6A2E3704DE51}.Debug MD DLL|X64.ActiveCfg = Debug MD DLL|x64
		{0FE9CA7E-80FD-4FB6-ABB4-6A2E3704DE51}.Debug MD DLL|X64.Build.0 = Debug MD DLL|x64
		{0FE9CA7E-80FD-4FB6-ABB4-6A2E3704DE51}.Debug MD DLL|X86.ActiveCfg = Debug MD DLL|Win32
		{0FE9CA7E-80FD-4FB6-ABB4-6A2E3704DE51}.Debug MD DLL|X86.Build.0 = Debug MD DLL|Win32
		{0FE9CA7E-80FD-4FB6-ABB4-6A2E3704DE51}.Debug MD|X64.ActiveCfg = Debug MD|x64
		{0FE9CA7E-80FD-4FB6-ABB4-6A2E3704DE51}.Debug MD|X64.Build.0 = Debug MD|x64
		{0FE9CA7E-80FD-4FB6-ABB4-6A2E3704DE51}.Debug MD|X86.ActiveCfg = Debug MD|Win32
		{0FE9CA7E-80FD-4FB6-ABB4-6A2E3704DE51}.Debug MD|X86.Build.0 = Debug MD|Win32
		{0FE9CA7E-80FD-4FB6-ABB4-6A2E3704DE51}.Debug MT DLL|X64.ActiveCfg = Debug MT DLL|x64
		{0FE9CA7E-80FD-4FB6-ABB4-6A2E3704DE51}.Debug MT DLL|X64.Build.0 = Debug MT DLL|x64
		{0FE9CA7E-80FD-4FB6-ABB4-6A2E3704DE51}.Debug MT DLL|X86.ActiveCfg = Debug MT DLL|Win32
		{0FE9CA7E-80FD-4FB6-ABB4-6A2E3704DE51}.Debug MT DLL|X86.Build.0 = Debug MT DLL|Win32
		{0FE9CA7E-80FD-4FB6-ABB4-6A2E3704DE51}.Debug MT|X64.ActiveCfg = Debug MT|x64
		{0FE9CA7E-80FD-4FB6-ABB4-6A2E3704DE51}.Debug MT|X64.Build.0 = Debug MT|x64
		{0FE9CA7E-80FD-4FB6-ABB4-6A2E3704DE51}.Debug MT|X86.ActiveCfg = Debug MT|Win32
		{0FE9CA7E-80FD-4FB6-ABB4-6A2E3704DE51}.Debug MT|X86.Build.0 = Debug MT|Win32
		{0FE9CA7E-80FD-4FB6-ABB4-6A2E3704DE51}.Release Kernel|X64.ActiveCfg = Release MT|x64
		{0FE9CA7E-80FD-4FB6-ABB4-6A2E3704DE51}.Release Kernel|X86.ActiveCfg = Release MT|Win32
		{0FE9CA7E-80FD-4FB6-ABB4-6A2E3704DE51}.Release MD DLL|X64.ActiveCfg = Release MD DLL|x64
		{0FE9CA7E-80FD-4FB6-ABB4-6A2E3704DE51}.Release MD DLL|X64.Build.0 = Release MD DLL|x64
		{0FE9CA7E-80FD-4FB6-ABB4-6A2E3704DE51}.Release MD DLL|X86.ActiveCfg = Release MD DLL|Win32
		{0FE9CA7E-80FD-4FB6-ABB4-6A2E3704DE51}.Release MD DLL|X86.Build.0 = Release MD DLL|Win32
		{0FE9CA7E-80FD-4FB6-ABB4-6A2E3704DE51}.Release MD|X64.ActiveCfg = Release MD|x64
		{0FE9CA7E-80FD-4FB6-ABB4-6A2E3704DE51}.Release MD|X64.Build.0 = Release MD|x64
		{0FE9CA7E-80FD-4FB6-ABB4-6A2E3704DE51}.Release MD|X86.ActiveCfg = Release MD|Win32
		{0FE9CA7E-80FD-4FB6-ABB4-6A2E3704DE51}.Release MD|X86.Build.0 = Release MD|Win32
		{0FE9CA7E-80FD-4FB6-ABB4-6A2E3704DE51}.Release MT DLL|X64.ActiveCfg = Release MT DLL|x64
		{0FE9CA7E-80FD-4FB6-ABB4-6A2E3704DE51}.Release MT DLL|X64.Build.0 = Release MT DLL|x64
		{0FE9CA7E-80FD-4FB6-ABB4-6A2E3704DE51}.Release MT DLL|X86.ActiveCfg = Release MT DLL|Win32
		{0FE9CA7E-80FD-4FB6-ABB4-6A2E3704DE51}.Release MT DLL|X86.Build.0 = Release MT DLL|Win32
		{0FE9CA7E-80FD-4FB6-ABB4-6A2E3704DE51}.Release MT|X64.ActiveCfg = Release MT|x64
		{0FE9CA7E-80FD-4FB6-ABB4-6A2E3704DE51}.Release MT|X64.Build.0 = Release MT|x64
		{0FE9CA7E-80FD-4FB6-ABB4-6A2E3704DE51}.Release MT|X86.ActiveCfg = Release MT|Win32
		{0FE9CA7E-80FD-4FB6-ABB4-6A2E3704DE51}.Release MT|X86.Build.0 = Release MT|Win32
		{32A3270D-DD26-46E4-B654-143C595FF2C4}.Debug Kernel|X64.ActiveCfg = Debug MT|x64
		{32A3270D-DD26-46E4-B654-143C595FF2C4}.Debug Kernel|X86.ActiveCfg = Debug MT|Win32
		{32A3270D-DD26-46E4-B654-143C595FF2C4}.Debug MD DLL|X64.ActiveCfg = Debug MD DLL|x64
		{32A3270D-DD26-46E4-B654-143C595FF2C4}.Debug MD DLL|X64.Build.0 = Debug MD DLL|x64
		{32A3270D-DD26-46E4-B654-143C595FF2C4}.Debug MD DLL|X86.ActiveCfg = Debug MD DLL|Win32
		{32A3270D-DD26-46E4-B654-143C595FF2C4}.Debug MD DLL|X86.Build.0 = Debug MD DLL|Win32
		{32A3270D-DD26-46E4-B654-143C595FF2C4}.Debug MD|X64.ActiveCfg = Debug MD|x64
		{32A3270D-DD26-46E4-B654-143C595FF2C4}.Debug MD|X64.Build.0 = Debug MD|x64
		{32A3270D-DD26-46E4-B654-143C595FF2C4}.Debug MD|X86.ActiveCfg = Debug MD|Win32
		{32A3270D-DD26-46E4-B654-143C595FF2C4}.Debug MD|X86.Build.0 = Debug MD|Win32
		{32A3270D-DD26-46E4-B654-143C595FF2C4}.Debug MT DLL|X64.ActiveCfg = Debug MT DLL|x64
		{32A3270D-DD26-46E4-B654-143C595FF2C4}.Debug MT DLL|X64.Build.0 = Debug MT DLL|x64
		{32A3270D-DD26-46E4-B654-143C595FF2C4}.Debug MT DLL|X86.ActiveCfg = Debug MT DLL|Win32
		{32A3270D-DD26-46E4-B654-143C595FF2C4}.Debug MT DLL|X86.Build.0 = Debug MT DLL|Win32
		{32A3270D-DD26-46E4-B654-143C595FF2C4}.Debug MT|X64.ActiveCfg = Debug MT|x64
		{32A3270D-DD26-46E4-B654-143C595FF2C4}.Debug MT|X64.Build.0 = Debug MT|x64
		{32A3270D-DD26-46E4-B654-143C595FF2C4}.Debug MT|X86.ActiveCfg = Debug MT|Win32
		{32A3270D-DD26-46E4-B654-143C595FF2C4}.Debug MT|X86.Build.0 = Debug MT|Win32
		{32A3270D-DD26-46E4-B654-143C595FF2C4}.Release Kernel|X64.ActiveCfg = Release MT|x64
		{32A3270D-DD26-46E4-B654-143C595FF2C4}.Release Kernel|X86.ActiveCfg = Release MT|Win32
		{32A3270D-DD26-46E4-B654-143C595FF2C4}.Release MD DLL|X64.ActiveCfg = Release MD DLL|x64
		{32A3270D-DD26-46E4-B654-143C595FF2C4}.Release MD DLL|X64.Build.0 = Release MD DLL|x64
		{32A3270D-DD26-46E4-B654-143C595FF2C4}.Release MD DLL|X86.ActiveCfg = Release MD DLL|Win32
		{32A3270D-DD26-46E4-B654-143C595FF2C4}.Release MD DLL|X86.Build.0 = Release MD DLL|Win32
		{32A3270D-DD26-46E4-B654-143C595FF2C4}.Release MD|X64.ActiveCfg = Release MD|x64
		{32A3270D-DD26-46E4-B654-143C595FF2C4}.Release MD|X64.Build.0 = Release MD|x64
		{32A3270D-DD26-46E4-B654-143C595FF2C4}.Release MD|X86.ActiveCfg = Release MD|Win32
		{32A3270D-DD26-46E4-B654-143C595FF2C4}.Release MD|X86.Build.0 = Release MD|Win32
		{32A3270D-DD26-46E4-B654-143C595FF2C4}.Release MT DLL|X64.ActiveCfg = Release MT DLL|x64
		{32A3270D-DD26-46E4-B654-143C595FF2C4}.Release MT DLL|X64.Build.0 = Release MT DLL|x64
		{32A3270D-DD26-46E4-B654-143C595FF2C4}.Release MT DLL|X86.ActiveCfg = Release MT DLL|Win32
		{32A3270D-DD26-46E4-B654-143C595FF2C4}.Release MT DLL|X86.Build.0 = Release MT DLL|Win32
		{32A3270D-DD26-46E4-B654-143C595FF2C4}.Release MT|X64.ActiveCfg = Release MT|x64
		{32A3270D-DD26-46E4-B654-143C595FF2C4}.Release MT|X64.Build.0 = Release MT|x64
		{32A3270D-DD26-46E4-B654-143C595FF2C4}.Release MT|X86.ActiveCfg = Release MT|Win32
		{32A3270D-DD26-46E4-B654-143C595FF2C4}.Release MT|X86.Build.0 = Release MT|Win32
		{6D9B7DDD-3661-4262-8497-718F02B74362}.Debug Kernel|X64.ActiveCfg = Debug MT|x64
		{6D9B7DDD-3661-4262-8497-718F02B74362}.Debug Kernel|X86.ActiveCfg = Debug MT|Win32
		{6D9B7DDD-3661-4262-8497-718F02B74362}.Debug MD DLL|X64.ActiveCfg = Debug MD DLL|x64
		{6D9B7DDD-3661-4262-8497-718F02B74362}.Debug MD DLL|X64.Build.0 = Debug MD DLL|x64
		{6D9B7DDD-3661-4262-8497-718F02B74362}.Debug MD DLL|X86.ActiveCfg = Debug MD DLL|Win32
		{6D9B7DDD-3661-4262-8497-718F02B74362}.Debug MD DLL|X86.Build.0 = Debug MD DLL|Win32
		{6D9B7DDD-3661-4262-8497-718F02B74362}.Debug MD|X64.ActiveCfg = Debug MD|x64
		{6D9B7DDD-3661-4262-8497-718F02B74362}.Debug MD|X64.Build.0 = Debug MD|x64
		{6D9B7DDD-3661-4262-8497-718F02B74362}.Debug MD|X86.ActiveCfg = Debug MD|Win32
		{6D9B7DDD-3661-4262-8497-718F02B74362}.Debug MD|X86.Build.0 = Debug MD|Win32
		{6D9B7DDD-3661-4262-8497-718F02B74362}.Debug MT DLL|X64.ActiveCfg = Debug MT DLL|x64
		{6D9B7DDD-3661-4262-8497-718F02B74362}.Debug MT DLL|X64.Build.0 = Debug MT DLL|x64
		{6D9B7DDD-3661-4262-8497-718F02B74362}.Debug MT DLL|X86.ActiveCfg = Debug MT DLL|Win32
		{6D9B7DDD-3661-4262-8497-718F02B74362}.Debug MT DLL|X86.Build.0 = Debug MT DLL|Win32
		{6D9B7DDD-3661-4262-8497-718F02B74362}.Debug MT|X64.ActiveCfg = Debug MT|x64
		{6D9B7DDD-3661-4262-8497-718F02B74362}.Debug MT|X64.Build.0 = Debug MT|x64
		{6D9B7DDD-3661-4262-8497-718F02B74362}.Debug MT|X86.ActiveCfg = Debug MT|Win32
		{6D9B7DDD-3661-4262-8497-718F02B74362}.Debug MT|X86.Build.0 = Debug MT|Win32
		{6D9B7DDD-3661-4262-8497-718F02B74362}.Release Kernel|X64.ActiveCfg = Release MT|x64
		{6D9B7DDD-3661-4262-8497-718F02B74362}.Release Kernel|X86.ActiveCfg = Release MT|Win32
		{6D9B7DDD-3661-4262-8497-718F02B74362}.Release MD DLL|X64.ActiveCfg = Release MD DLL|x64
		{6D9B7DDD-3661-4262-8497-718F02B74362}.Release MD DLL|X64.Build.0 = Release MD DLL|x64
		{6D9B7DDD-3661-4262-8497-718F02B74362}.Release MD DLL|X86.ActiveCfg = Release MD DLL|Win32
		{6D9B7DDD-3661-4262-8497-718F02B74362}.Release MD DLL|X86.Build.0 = Release MD DLL|Win32
		{6D9B7DDD-3661-4262-8497-718F02B74362}.Release MD|X64.ActiveCfg = Release MD|x64
		{6D9B7DDD-3661-4262-8497-718F02B74362}.Release MD|X64.Build.0 = Release MD|x64
		{6D9B7DDD-3661-4262-8497-718F02B74362}.Release MD|X86.ActiveCfg = Release MD|Win32
		{6D9B7DDD-3661-4262-8497-718F02B74362}.Release MD|X86.Build.0 = Release MD|Win32
		{6D9B7DDD-3661-4262-8497-718F02B74362}.Release MT DLL|X64.ActiveCfg = Release MT DLL|x64
		{6D9B7DDD-3661-4262-8497-718F02B74362}.Release MT DLL|X64.Build.0 = Release MT DLL|x64
		{6D9B7DDD-3661-4262-8497-718F02B74362}.Release MT DLL|X86.ActiveCfg = Release MT DLL|Win32
		{6D9B7DDD-3661-4262-8497-718F02B74362}.Release MT DLL|X86.Build.0 = Release MT DLL|Win32
		{6D9B7DDD-3661-4262-8497-718F02B74362}.Release MT|X64.ActiveCfg = Release MT|x64
		{6D9B7DDD-3661-4262-8497-718F02B74362}.Release MT|X64.Build.0 = Release MT|x64
		{6D9B7DDD-3661-4262-8497-718F02B74362}.Release MT|X86.ActiveCfg = Release MT|Win32
		{6D9B7DDD-3661-4262-8497-718F02B74362}.Release MT|X86.Build.0 = Release MT|Win32
	EndGlobalSection
	GlobalSection(SolutionProperties) = preSolution
		HideSolutionNode = FALSE
	EndGlobalSection
	GlobalSection(NestedProjects) = preSolution
		{B715A378-C8B9-4DC1-A57B-8BC4C47CED28} = {4F5048C7-CB90-437E-AB21-32258F9650B6}
		{FD558EDB-A3E1-4FB5-A40A-4BE19346B24F} = {4F5048C7-CB90-437E-AB21-32258F9650B6}
		{A67C94F3-60F8-4AAF-9309-F86F73F8529C} = {4F5048C7-CB90-437E-AB21-32258F9650B6}
		{91EF3E98-CD57-3870-A399-A0D98D193F80} = {4F5048C7-CB90-437E-AB21-32258F9650B6}
		{85E2D76C-1C4A-48F7-85BE-E88BB81121A0} = {4F5048C7-CB90-437E-AB21-32258F9650B6}
		{9677D980-9814-4CD0-87FB-9E349ABE7D71} = {4F5048C7-CB90-437E-AB21-32258F9650B6}
		{805CBF3F-3DDC-3141-AD7C-3B452FBEBCD2} = {292A9E1E-C557-4570-ABE1-8EEC0E1B79C4}
		{A0C9A331-13CC-3762-9D26-9F82C6518CAA} = {292A9E1E-C557-4570-ABE1-8EEC0E1B79C4}
		{3B52F35B-17B4-4BCD-B0FC-D32955E7C501} = {292A9E1E-C557-4570-ABE1-8EEC0E1B79C4}
		{D07FC651-62C3-47D8-B181-391804410D6E} = {292A9E1E-C557-4570-ABE1-8EEC0E1B79C4}
		{F0B3C165-EAEF-4521-89A0-4490A76BF853} = {292A9E1E-C557-4570-ABE1-8EEC0E1B79C4}
		{BC04B6A7-D80C-3FED-97AC-BCC8370D6A7E} = {292A9E1E-C557-4570-ABE1-8EEC0E1B79C4}
		{45BD58A5-1711-417F-99E7-B640C56F8009} = {4F5048C7-CB90-437E-AB21-32258F9650B6}
		{0FE9CA7E-80FD-4FB6-ABB4-6A2E3704DE51} = {4F5048C7-CB90-437E-AB21-32258F9650B6}
		{32A3270D-DD26-46E4-B654-143C595FF2C4} = {4F5048C7-CB90-437E-AB21-32258F9650B6}
		{6D9B7DDD-3661-4262-8497-718F02B74362} = {4F5048C7-CB90-437E-AB21-32258F9650B6}
	EndGlobalSection
	GlobalSection(ExtensibilityGlobals) = postSolution
		SolutionGuid = {F578E55A-EB10-4D4A-9F4E-C74DCB58DE73}
	EndGlobalSection
EndGlobal
