<?xml version="1.0" encoding="utf-8"?>
<Project ToolsVersion="15.0" xmlns="http://schemas.microsoft.com/developer/msbuild/2003">
  <ItemGroup>
    <Filter Include="Source Files">
      <UniqueIdentifier>{A9050C34-58F9-4C35-AD8A-ECD537B40390}</UniqueIdentifier>
      <Extensions>cpp;c;cc;cxx;def;odl;idl;hpj;bat;asm;asmx</Extensions>
    </Filter>
    <Filter Include="Header Files">
      <UniqueIdentifier>{B7500167-807B-4CC9-B121-F3349167F6B8}</UniqueIdentifier>
      <Extensions>h;hh;hpp;hxx;hm;inl;inc;xsd</Extensions>
    </Filter>
    <Filter Include="Header Files\Zycore">
      <UniqueIdentifier>{CD351285-1873-41A5-863E-A807E5976D80}</UniqueIdentifier>
    </Filter>
    <Filter Include="Header Files\Zydis">
      <UniqueIdentifier>{B2D9C0A7-260D-432B-9D75-A62B4F993B4C}</UniqueIdentifier>
    </Filter>
  </ItemGroup>
  <ItemGroup>
    <ClCompile Include="..\..\examples\Disassemble.c">
      <Filter>Source Files</Filter>
    </ClCompile>
  </ItemGroup>
  <ItemGroup>
    <ClInclude Include="..\..\dependencies\zycore\include\Zycore\Allocator.h">
      <Filter>Header Files\Zycore</Filter>
    </ClInclude>
    <ClInclude Include="..\..\dependencies\zycore\include\Zycore\Bitset.h">
      <Filter>Header Files\Zycore</Filter>
    </ClInclude>
    <ClInclude Include="..\..\dependencies\zycore\include\Zycore\Comparison.h">
      <Filter>Header Files\Zycore</Filter>
    </ClInclude>
    <ClInclude Include="..\..\dependencies\zycore\include\Zycore\Defines.h">
      <Filter>Header Files\Zycore</Filter>
    </ClInclude>
    <ClInclude Include="..\..\dependencies\zycore\include\Zycore\Format.h">
      <Filter>Header Files\Zycore</Filter>
    </ClInclude>
    <ClInclude Include="..\..\dependencies\zycore\include\Zycore\LibC.h">
      <Filter>Header Files\Zycore</Filter>
    </ClInclude>
    <ClInclude Include="..\..\dependencies\zycore\include\Zycore\Object.h">
      <Filter>Header Files\Zycore</Filter>
    </ClInclude>
    <ClInclude Include="..\..\dependencies\zycore\include\Zycore\Status.h">
      <Filter>Header Files\Zycore</Filter>
    </ClInclude>
    <ClInclude Include="..\..\dependencies\zycore\include\Zycore\String.h">
      <Filter>Header Files\Zycore</Filter>
    </ClInclude>
    <ClInclude Include="..\..\dependencies\zycore\include\Zycore\Types.h">
      <Filter>Header Files\Zycore</Filter>
    </ClInclude>
    <ClInclude Include="..\..\dependencies\zycore\include\Zycore\Vector.h">
      <Filter>Header Files\Zycore</Filter>
    </ClInclude>
    <ClInclude Include="..\..\include\Zydis\Decoder.h">
      <Filter>Header Files\Zydis</Filter>
    </ClInclude>
    <ClInclude Include="..\..\include\Zydis\DecoderTypes.h">
      <Filter>Header Files\Zydis</Filter>
    </ClInclude>
    <ClInclude Include="..\..\include\Zydis\Formatter.h">
      <Filter>Header Files\Zydis</Filter>
    </ClInclude>
    <ClInclude Include="..\..\include\Zydis\MetaInfo.h">
      <Filter>Header Files\Zydis</Filter>
    </ClInclude>
    <ClInclude Include="..\..\include\Zydis\Mnemonic.h">
      <Filter>Header Files\Zydis</Filter>
    </ClInclude>
    <ClInclude Include="..\..\include\Zydis\Register.h">
      <Filter>Header Files\Zydis</Filter>
    </ClInclude>
    <ClInclude Include="..\..\include\Zydis\SharedTypes.h">
      <Filter>Header Files\Zydis</Filter>
    </ClInclude>
    <ClInclude Include="..\..\include\Zydis\ShortString.h">
      <Filter>Header Files\Zydis</Filter>
    </ClInclude>
    <ClInclude Include="..\..\include\Zydis\Status.h">
      <Filter>Header Files\Zydis</Filter>
    </ClInclude>
    <ClInclude Include="..\..\include\Zydis\Utils.h">
      <Filter>Header Files\Zydis</Filter>
    </ClInclude>
    <ClInclude Include="..\..\include\Zydis\Zydis.h">
      <Filter>Header Files\Zydis</Filter>
    </ClInclude>
    <ClInclude Include="..\..\include\Zydis\Segment.h">
      <Filter>Header Files\Zydis</Filter>
    </ClInclude>
    <ClInclude Include="..\..\dependencies\zycore\include\Zycore\ArgParse.h">
      <Filter>Header Files\Zycore</Filter>
    </ClInclude>
    <ClInclude Include="..\..\dependencies\zycore\include\Zycore\Atomic.h">
      <Filter>Header Files\Zycore</Filter>
    </ClInclude>
    <ClInclude Include="..\..\dependencies\zycore\include\Zycore\List.h">
      <Filter>Header Files\Zycore</Filter>
    </ClInclude>
    <ClInclude Include="..\..\dependencies\zycore\include\Zycore\Zycore.h">
      <Filter>Header Files\Zycore</Filter>
    </ClInclude>
    <ClInclude Include="..\..\include\Zydis\Defines.h">
      <Filter>Header Files\Zydis</Filter>
    </ClInclude>
    <ClInclude Include="..\..\include\Zydis\Disassembler.h">
      <Filter>Header Files\Zydis</Filter>
    </ClInclude>
    <ClInclude Include="..\..\include\Zydis\Encoder.h">
      <Filter>Header Files\Zydis</Filter>
    </ClInclude>
    <ClInclude Include="..\..\include\Zydis\FormatterBuffer.h">
      <Filter>Header Files\Zydis</Filter>
    </ClInclude>
  </ItemGroup>
</Project>