<?xml version="1.0" encoding="utf-8"?>
<Project ToolsVersion="15.0" xmlns="http://schemas.microsoft.com/developer/msbuild/2003">
  <ItemGroup>
    <Filter Include="Source Files">
      <UniqueIdentifier>{84146602-A423-4EA6-AD29-A5F3E4E4474C}</UniqueIdentifier>
      <Extensions>cpp;c;cc;cxx;def;odl;idl;hpj;bat;asm;asmx</Extensions>
    </Filter>
    <Filter Include="Header Files">
      <UniqueIdentifier>{B20999C7-4C3A-43D0-B4D0-5BA283624A8A}</UniqueIdentifier>
      <Extensions>h;hh;hpp;hxx;hm;inl;inc;xsd</Extensions>
    </Filter>
    <Filter Include="Header Files\Zycore">
      <UniqueIdentifier>{372C68B3-C260-4B52-9201-114F03B5B76D}</UniqueIdentifier>
    </Filter>
    <Filter Include="Header Files\Zydis">
      <UniqueIdentifier>{B00E1936-C1A9-437D-8537-106F8FFF8BC1}</UniqueIdentifier>
    </Filter>
  </ItemGroup>
  <ItemGroup>
    <ClCompile Include="..\..\examples\EncodeMov.c">
      <Filter>Source Files</Filter>
    </ClCompile>
  </ItemGroup>
  <ItemGroup>
    <ClInclude Include="..\..\dependencies\zycore\include\Zycore\Allocator.h">
      <Filter>Header Files\Zycore</Filter>
    </ClInclude>
    <ClInclude Include="..\..\dependencies\zycore\include\Zycore\Bitset.h">
      <Filter>Header Files\Zycore</Filter>
    </ClInclude>
    <ClInclude Include="..\..\dependencies\zycore\include\Zycore\Comparison.h">
      <Filter>Header Files\Zycore</Filter>
    </ClInclude>
    <ClInclude Include="..\..\dependencies\zycore\include\Zycore\Defines.h">
      <Filter>Header Files\Zycore</Filter>
    </ClInclude>
    <ClInclude Include="..\..\dependencies\zycore\include\Zycore\Format.h">
      <Filter>Header Files\Zycore</Filter>
    </ClInclude>
    <ClInclude Include="..\..\dependencies\zycore\include\Zycore\LibC.h">
      <Filter>Header Files\Zycore</Filter>
    </ClInclude>
    <ClInclude Include="..\..\dependencies\zycore\include\Zycore\Object.h">
      <Filter>Header Files\Zycore</Filter>
    </ClInclude>
    <ClInclude Include="..\..\dependencies\zycore\include\Zycore\Status.h">
      <Filter>Header Files\Zycore</Filter>
    </ClInclude>
    <ClInclude Include="..\..\dependencies\zycore\include\Zycore\String.h">
      <Filter>Header Files\Zycore</Filter>
    </ClInclude>
    <ClInclude Include="..\..\dependencies\zycore\include\Zycore\Types.h">
      <Filter>Header Files\Zycore</Filter>
    </ClInclude>
    <ClInclude Include="..\..\dependencies\zycore\include\Zycore\Vector.h">
      <Filter>Header Files\Zycore</Filter>
    </ClInclude>
    <ClInclude Include="..\..\include\Zydis\Decoder.h">
      <Filter>Header Files\Zydis</Filter>
    </ClInclude>
    <ClInclude Include="..\..\include\Zydis\DecoderTypes.h">
      <Filter>Header Files\Zydis</Filter>
    </ClInclude>
    <ClInclude Include="..\..\include\Zydis\Formatter.h">
      <Filter>Header Files\Zydis</Filter>
    </ClInclude>
    <ClInclude Include="..\..\include\Zydis\MetaInfo.h">
      <Filter>Header Files\Zydis</Filter>
    </ClInclude>
    <ClInclude Include="..\..\include\Zydis\Mnemonic.h">
      <Filter>Header Files\Zydis</Filter>
    </ClInclude>
    <ClInclude Include="..\..\include\Zydis\Register.h">
      <Filter>Header Files\Zydis</Filter>
    </ClInclude>
    <ClInclude Include="..\..\include\Zydis\SharedTypes.h">
      <Filter>Header Files\Zydis</Filter>
    </ClInclude>
    <ClInclude Include="..\..\include\Zydis\ShortString.h">
      <Filter>Header Files\Zydis</Filter>
    </ClInclude>
    <ClInclude Include="..\..\include\Zydis\Status.h">
      <Filter>Header Files\Zydis</Filter>
    </ClInclude>
    <ClInclude Include="..\..\include\Zydis\Utils.h">
      <Filter>Header Files\Zydis</Filter>
    </ClInclude>
    <ClInclude Include="..\..\include\Zydis\Zydis.h">
      <Filter>Header Files\Zydis</Filter>
    </ClInclude>
    <ClInclude Include="..\..\include\Zydis\Segment.h">
      <Filter>Header Files\Zydis</Filter>
    </ClInclude>
    <ClInclude Include="..\..\dependencies\zycore\include\Zycore\ArgParse.h">
      <Filter>Header Files\Zycore</Filter>
    </ClInclude>
    <ClInclude Include="..\..\dependencies\zycore\include\Zycore\Atomic.h">
      <Filter>Header Files\Zycore</Filter>
    </ClInclude>
    <ClInclude Include="..\..\dependencies\zycore\include\Zycore\List.h">
      <Filter>Header Files\Zycore</Filter>
    </ClInclude>
    <ClInclude Include="..\..\dependencies\zycore\include\Zycore\Zycore.h">
      <Filter>Header Files\Zycore</Filter>
    </ClInclude>
    <ClInclude Include="..\..\include\Zydis\Defines.h">
      <Filter>Header Files\Zydis</Filter>
    </ClInclude>
    <ClInclude Include="..\..\include\Zydis\Disassembler.h">
      <Filter>Header Files\Zydis</Filter>
    </ClInclude>
    <ClInclude Include="..\..\include\Zydis\Encoder.h">
      <Filter>Header Files\Zydis</Filter>
    </ClInclude>
    <ClInclude Include="..\..\include\Zydis\FormatterBuffer.h">
      <Filter>Header Files\Zydis</Filter>
    </ClInclude>
  </ItemGroup>
</Project>