<?xml version="1.0" encoding="utf-8"?>
<Project ToolsVersion="15.0" xmlns="http://schemas.microsoft.com/developer/msbuild/2003">
  <ItemGroup>
    <Filter Include="Source Files">
      <UniqueIdentifier>{82BF2AE4-7546-406F-B9DC-9E4D5DD3E22E}</UniqueIdentifier>
      <Extensions>cpp;c;cc;cxx;def;odl;idl;hpj;bat;asm;asmx</Extensions>
    </Filter>
    <Filter Include="Header Files">
      <UniqueIdentifier>{740E782E-AEB8-4BE8-83A3-E3AD06532D68}</UniqueIdentifier>
      <Extensions>h;hh;hpp;hxx;hm;inl;inc;xsd</Extensions>
    </Filter>
    <Filter Include="Header Files\Zycore">
      <UniqueIdentifier>{7332C199-E04A-4844-B31D-345258B06E46}</UniqueIdentifier>
    </Filter>
    <Filter Include="Header Files\Zydis">
      <UniqueIdentifier>{DE5D4F5B-8BCD-4BFF-8A6D-66FE1698701E}</UniqueIdentifier>
    </Filter>
    <Filter Include="Header Files\Zydis\Internal">
      <UniqueIdentifier>{2d4f61cf-4774-4ac3-aa98-a6a7d22f5e10}</UniqueIdentifier>
    </Filter>
  </ItemGroup>
  <ItemGroup>
    <ClCompile Include="..\..\tools\ZydisTestEncoderAbsolute.c">
      <Filter>Source Files</Filter>
    </ClCompile>
  </ItemGroup>
  <ItemGroup>
    <ClInclude Include="..\..\dependencies\zycore\include\Zycore\Allocator.h">
      <Filter>Header Files\Zycore</Filter>
    </ClInclude>
    <ClInclude Include="..\..\dependencies\zycore\include\Zycore\Bitset.h">
      <Filter>Header Files\Zycore</Filter>
    </ClInclude>
    <ClInclude Include="..\..\dependencies\zycore\include\Zycore\Comparison.h">
      <Filter>Header Files\Zycore</Filter>
    </ClInclude>
    <ClInclude Include="..\..\dependencies\zycore\include\Zycore\Defines.h">
      <Filter>Header Files\Zycore</Filter>
    </ClInclude>
    <ClInclude Include="..\..\dependencies\zycore\include\Zycore\Format.h">
      <Filter>Header Files\Zycore</Filter>
    </ClInclude>
    <ClInclude Include="..\..\dependencies\zycore\include\Zycore\LibC.h">
      <Filter>Header Files\Zycore</Filter>
    </ClInclude>
    <ClInclude Include="..\..\dependencies\zycore\include\Zycore\Object.h">
      <Filter>Header Files\Zycore</Filter>
    </ClInclude>
    <ClInclude Include="..\..\dependencies\zycore\include\Zycore\Status.h">
      <Filter>Header Files\Zycore</Filter>
    </ClInclude>
    <ClInclude Include="..\..\dependencies\zycore\include\Zycore\String.h">
      <Filter>Header Files\Zycore</Filter>
    </ClInclude>
    <ClInclude Include="..\..\dependencies\zycore\include\Zycore\Types.h">
      <Filter>Header Files\Zycore</Filter>
    </ClInclude>
    <ClInclude Include="..\..\dependencies\zycore\include\Zycore\Vector.h">
      <Filter>Header Files\Zycore</Filter>
    </ClInclude>
    <ClInclude Include="..\..\include\Zydis\Decoder.h">
      <Filter>Header Files\Zydis</Filter>
    </ClInclude>
    <ClInclude Include="..\..\include\Zydis\DecoderTypes.h">
      <Filter>Header Files\Zydis</Filter>
    </ClInclude>
    <ClInclude Include="..\..\include\Zydis\Formatter.h">
      <Filter>Header Files\Zydis</Filter>
    </ClInclude>
    <ClInclude Include="..\..\include\Zydis\MetaInfo.h">
      <Filter>Header Files\Zydis</Filter>
    </ClInclude>
    <ClInclude Include="..\..\include\Zydis\Mnemonic.h">
      <Filter>Header Files\Zydis</Filter>
    </ClInclude>
    <ClInclude Include="..\..\include\Zydis\Register.h">
      <Filter>Header Files\Zydis</Filter>
    </ClInclude>
    <ClInclude Include="..\..\include\Zydis\SharedTypes.h">
      <Filter>Header Files\Zydis</Filter>
    </ClInclude>
    <ClInclude Include="..\..\include\Zydis\ShortString.h">
      <Filter>Header Files\Zydis</Filter>
    </ClInclude>
    <ClInclude Include="..\..\include\Zydis\Status.h">
      <Filter>Header Files\Zydis</Filter>
    </ClInclude>
    <ClInclude Include="..\..\include\Zydis\Utils.h">
      <Filter>Header Files\Zydis</Filter>
    </ClInclude>
    <ClInclude Include="..\..\include\Zydis\Zydis.h">
      <Filter>Header Files\Zydis</Filter>
    </ClInclude>
    <ClInclude Include="..\..\include\Zydis\Segment.h">
      <Filter>Header Files\Zydis</Filter>
    </ClInclude>
    <ClInclude Include="..\..\dependencies\zycore\include\Zycore\ArgParse.h">
      <Filter>Header Files\Zycore</Filter>
    </ClInclude>
    <ClInclude Include="..\..\dependencies\zycore\include\Zycore\Atomic.h">
      <Filter>Header Files\Zycore</Filter>
    </ClInclude>
    <ClInclude Include="..\..\dependencies\zycore\include\Zycore\List.h">
      <Filter>Header Files\Zycore</Filter>
    </ClInclude>
    <ClInclude Include="..\..\dependencies\zycore\include\Zycore\Zycore.h">
      <Filter>Header Files\Zycore</Filter>
    </ClInclude>
    <ClInclude Include="..\..\include\Zydis\Defines.h">
      <Filter>Header Files\Zydis</Filter>
    </ClInclude>
    <ClInclude Include="..\..\include\Zydis\Disassembler.h">
      <Filter>Header Files\Zydis</Filter>
    </ClInclude>
    <ClInclude Include="..\..\include\Zydis\Encoder.h">
      <Filter>Header Files\Zydis</Filter>
    </ClInclude>
    <ClInclude Include="..\..\include\Zydis\FormatterBuffer.h">
      <Filter>Header Files\Zydis</Filter>
    </ClInclude>
    <ClInclude Include="..\..\include\Zydis\Internal\EncoderData.h">
      <Filter>Header Files\Zydis\Internal</Filter>
    </ClInclude>
  </ItemGroup>
</Project>