<?xml version="1.0" encoding="utf-8"?>
<Project ToolsVersion="15.0" xmlns="http://schemas.microsoft.com/developer/msbuild/2003">
  <ItemGroup>
    <Filter Include="Source Files">
      <UniqueIdentifier>{664BBE0B-918F-3B41-8D06-1875B10A7BE5}</UniqueIdentifier>
      <Extensions>cpp;c;cc;cxx;def;odl;idl;hpj;bat;asm;asmx</Extensions>
    </Filter>
    <Filter Include="Header Files">
      <UniqueIdentifier>{54CFF9CE-5525-3FCE-8ECE-9A26FB686F56}</UniqueIdentifier>
      <Extensions>h;hh;hpp;hxx;hm;inl;inc;xsd</Extensions>
    </Filter>
    <Filter Include="Header Files\Zycore">
      <UniqueIdentifier>{349C208E-6013-4B2A-86D4-F5CBD4C9B359}</UniqueIdentifier>
    </Filter>
    <Filter Include="Header Files\Zydis">
      <UniqueIdentifier>{599A7DB6-1F45-4378-90DD-94C11D46EC4D}</UniqueIdentifier>
    </Filter>
  </ItemGroup>
  <ItemGroup>
    <ClCompile Include="..\..\tools\ZydisDisasm.c">
      <Filter>Source Files</Filter>
    </ClCompile>
    <ClCompile Include="..\..\tools\ZydisToolsShared.c">
      <Filter>Source Files</Filter>
    </ClCompile>
  </ItemGroup>
  <ItemGroup>
    <ClInclude Include="..\..\dependencies\zycore\include\Zycore\Allocator.h">
      <Filter>Header Files\Zycore</Filter>
    </ClInclude>
    <ClInclude Include="..\..\dependencies\zycore\include\Zycore\Bitset.h">
      <Filter>Header Files\Zycore</Filter>
    </ClInclude>
    <ClInclude Include="..\..\dependencies\zycore\include\Zycore\Comparison.h">
      <Filter>Header Files\Zycore</Filter>
    </ClInclude>
    <ClInclude Include="..\..\dependencies\zycore\include\Zycore\Defines.h">
      <Filter>Header Files\Zycore</Filter>
    </ClInclude>
    <ClInclude Include="..\..\dependencies\zycore\include\Zycore\Format.h">
      <Filter>Header Files\Zycore</Filter>
    </ClInclude>
    <ClInclude Include="..\..\dependencies\zycore\include\Zycore\LibC.h">
      <Filter>Header Files\Zycore</Filter>
    </ClInclude>
    <ClInclude Include="..\..\dependencies\zycore\include\Zycore\Object.h">
      <Filter>Header Files\Zycore</Filter>
    </ClInclude>
    <ClInclude Include="..\..\dependencies\zycore\include\Zycore\Status.h">
      <Filter>Header Files\Zycore</Filter>
    </ClInclude>
    <ClInclude Include="..\..\dependencies\zycore\include\Zycore\Types.h">
      <Filter>Header Files\Zycore</Filter>
    </ClInclude>
    <ClInclude Include="..\..\dependencies\zycore\include\Zycore\Vector.h">
      <Filter>Header Files\Zycore</Filter>
    </ClInclude>
    <ClInclude Include="..\..\include\Zydis\Decoder.h">
      <Filter>Header Files\Zydis</Filter>
    </ClInclude>
    <ClInclude Include="..\..\include\Zydis\DecoderTypes.h">
      <Filter>Header Files\Zydis</Filter>
    </ClInclude>
    <ClInclude Include="..\..\include\Zydis\Formatter.h">
      <Filter>Header Files\Zydis</Filter>
    </ClInclude>
    <ClInclude Include="..\..\include\Zydis\MetaInfo.h">
      <Filter>Header Files\Zydis</Filter>
    </ClInclude>
    <ClInclude Include="..\..\include\Zydis\Mnemonic.h">
      <Filter>Header Files\Zydis</Filter>
    </ClInclude>
    <ClInclude Include="..\..\include\Zydis\Register.h">
      <Filter>Header Files\Zydis</Filter>
    </ClInclude>
    <ClInclude Include="..\..\include\Zydis\SharedTypes.h">
      <Filter>Header Files\Zydis</Filter>
    </ClInclude>
    <ClInclude Include="..\..\include\Zydis\ShortString.h">
      <Filter>Header Files\Zydis</Filter>
    </ClInclude>
    <ClInclude Include="..\..\include\Zydis\Status.h">
      <Filter>Header Files\Zydis</Filter>
    </ClInclude>
    <ClInclude Include="..\..\include\Zydis\Utils.h">
      <Filter>Header Files\Zydis</Filter>
    </ClInclude>
    <ClInclude Include="..\..\include\Zydis\Zydis.h">
      <Filter>Header Files\Zydis</Filter>
    </ClInclude>
    <ClInclude Include="..\..\include\Zydis\Segment.h">
      <Filter>Header Files\Zydis</Filter>
    </ClInclude>
    <ClInclude Include="..\..\dependencies\zycore\include\Zycore\String.h">
      <Filter>Header Files\Zycore</Filter>
    </ClInclude>
    <ClInclude Include="..\..\dependencies\zycore\include\Zycore\ArgParse.h">
      <Filter>Header Files\Zycore</Filter>
    </ClInclude>
    <ClInclude Include="..\..\dependencies\zycore\include\Zycore\Atomic.h">
      <Filter>Header Files\Zycore</Filter>
    </ClInclude>
    <ClInclude Include="..\..\dependencies\zycore\include\Zycore\List.h">
      <Filter>Header Files\Zycore</Filter>
    </ClInclude>
    <ClInclude Include="..\..\dependencies\zycore\include\Zycore\Zycore.h">
      <Filter>Header Files\Zycore</Filter>
    </ClInclude>
    <ClInclude Include="..\..\include\Zydis\Defines.h">
      <Filter>Header Files\Zydis</Filter>
    </ClInclude>
    <ClInclude Include="..\..\include\Zydis\Disassembler.h">
      <Filter>Header Files\Zydis</Filter>
    </ClInclude>
    <ClInclude Include="..\..\include\Zydis\Encoder.h">
      <Filter>Header Files\Zydis</Filter>
    </ClInclude>
    <ClInclude Include="..\..\include\Zydis\FormatterBuffer.h">
      <Filter>Header Files\Zydis</Filter>
    </ClInclude>
    <ClInclude Include="..\..\tools\ZydisToolsShared.h">
      <Filter>Header Files</Filter>
    </ClInclude>
  </ItemGroup>
</Project>