<?xml version="1.0" encoding="utf-8"?>
<Project ToolsVersion="15.0" xmlns="http://schemas.microsoft.com/developer/msbuild/2003">
  <ItemGroup>
    <Filter Include="Source Files">
      <UniqueIdentifier>{A0F8EAF9-228A-4DC6-AE0F-5388ED752F93}</UniqueIdentifier>
      <Extensions>cpp;c;cc;cxx;def;odl;idl;hpj;bat;asm;asmx</Extensions>
    </Filter>
    <Filter Include="Header Files">
      <UniqueIdentifier>{3F150437-2A8C-4E05-BDE1-9A7DA665343C}</UniqueIdentifier>
      <Extensions>h;hh;hpp;hxx;hm;inl;inc;xsd</Extensions>
    </Filter>
    <Filter Include="Header Files\Zycore">
      <UniqueIdentifier>{3649A1F6-474A-472D-9799-83D46C13C12E}</UniqueIdentifier>
    </Filter>
    <Filter Include="Header Files\Zydis">
      <UniqueIdentifier>{CAF313CF-5C34-4BD9-82B7-86713B3B9B74}</UniqueIdentifier>
    </Filter>
  </ItemGroup>
  <ItemGroup>
    <ClCompile Include="..\..\tools\ZydisFuzzReEncoding.c">
      <Filter>Source Files</Filter>
    </ClCompile>
    <ClCompile Include="..\..\tools\ZydisFuzzShared.c">
      <Filter>Source Files</Filter>
    </ClCompile>
  </ItemGroup>
  <ItemGroup>
    <ClInclude Include="..\..\dependencies\zycore\include\Zycore\Allocator.h">
      <Filter>Header Files\Zycore</Filter>
    </ClInclude>
    <ClInclude Include="..\..\dependencies\zycore\include\Zycore\Bitset.h">
      <Filter>Header Files\Zycore</Filter>
    </ClInclude>
    <ClInclude Include="..\..\dependencies\zycore\include\Zycore\Comparison.h">
      <Filter>Header Files\Zycore</Filter>
    </ClInclude>
    <ClInclude Include="..\..\dependencies\zycore\include\Zycore\Defines.h">
      <Filter>Header Files\Zycore</Filter>
    </ClInclude>
    <ClInclude Include="..\..\dependencies\zycore\include\Zycore\Format.h">
      <Filter>Header Files\Zycore</Filter>
    </ClInclude>
    <ClInclude Include="..\..\dependencies\zycore\include\Zycore\LibC.h">
      <Filter>Header Files\Zycore</Filter>
    </ClInclude>
    <ClInclude Include="..\..\dependencies\zycore\include\Zycore\Object.h">
      <Filter>Header Files\Zycore</Filter>
    </ClInclude>
    <ClInclude Include="..\..\dependencies\zycore\include\Zycore\Status.h">
      <Filter>Header Files\Zycore</Filter>
    </ClInclude>
    <ClInclude Include="..\..\dependencies\zycore\include\Zycore\String.h">
      <Filter>Header Files\Zycore</Filter>
    </ClInclude>
    <ClInclude Include="..\..\dependencies\zycore\include\Zycore\Types.h">
      <Filter>Header Files\Zycore</Filter>
    </ClInclude>
    <ClInclude Include="..\..\dependencies\zycore\include\Zycore\Vector.h">
      <Filter>Header Files\Zycore</Filter>
    </ClInclude>
    <ClInclude Include="..\..\include\Zydis\Decoder.h">
      <Filter>Header Files\Zydis</Filter>
    </ClInclude>
    <ClInclude Include="..\..\include\Zydis\DecoderTypes.h">
      <Filter>Header Files\Zydis</Filter>
    </ClInclude>
    <ClInclude Include="..\..\include\Zydis\Formatter.h">
      <Filter>Header Files\Zydis</Filter>
    </ClInclude>
    <ClInclude Include="..\..\include\Zydis\MetaInfo.h">
      <Filter>Header Files\Zydis</Filter>
    </ClInclude>
    <ClInclude Include="..\..\include\Zydis\Mnemonic.h">
      <Filter>Header Files\Zydis</Filter>
    </ClInclude>
    <ClInclude Include="..\..\include\Zydis\Register.h">
      <Filter>Header Files\Zydis</Filter>
    </ClInclude>
    <ClInclude Include="..\..\include\Zydis\SharedTypes.h">
      <Filter>Header Files\Zydis</Filter>
    </ClInclude>
    <ClInclude Include="..\..\include\Zydis\ShortString.h">
      <Filter>Header Files\Zydis</Filter>
    </ClInclude>
    <ClInclude Include="..\..\include\Zydis\Status.h">
      <Filter>Header Files\Zydis</Filter>
    </ClInclude>
    <ClInclude Include="..\..\include\Zydis\Utils.h">
      <Filter>Header Files\Zydis</Filter>
    </ClInclude>
    <ClInclude Include="..\..\include\Zydis\Zydis.h">
      <Filter>Header Files\Zydis</Filter>
    </ClInclude>
    <ClInclude Include="..\..\tools\ZydisFuzzShared.h">
      <Filter>Header Files</Filter>
    </ClInclude>
    <ClInclude Include="..\..\include\Zydis\Segment.h">
      <Filter>Header Files\Zydis</Filter>
    </ClInclude>
    <ClInclude Include="..\..\dependencies\zycore\include\Zycore\ArgParse.h">
      <Filter>Header Files\Zycore</Filter>
    </ClInclude>
    <ClInclude Include="..\..\dependencies\zycore\include\Zycore\Atomic.h">
      <Filter>Header Files\Zycore</Filter>
    </ClInclude>
    <ClInclude Include="..\..\dependencies\zycore\include\Zycore\List.h">
      <Filter>Header Files\Zycore</Filter>
    </ClInclude>
    <ClInclude Include="..\..\dependencies\zycore\include\Zycore\Zycore.h">
      <Filter>Header Files\Zycore</Filter>
    </ClInclude>
    <ClInclude Include="..\..\include\Zydis\FormatterBuffer.h">
      <Filter>Header Files\Zydis</Filter>
    </ClInclude>
    <ClInclude Include="..\..\include\Zydis\Defines.h">
      <Filter>Header Files\Zydis</Filter>
    </ClInclude>
    <ClInclude Include="..\..\include\Zydis\Disassembler.h">
      <Filter>Header Files\Zydis</Filter>
    </ClInclude>
    <ClInclude Include="..\..\include\Zydis\Encoder.h">
      <Filter>Header Files\Zydis</Filter>
    </ClInclude>
  </ItemGroup>
</Project>